// !$*UTF8*$!
{
	archiveVersion = 1;
	classes = {
	};
	objectVersion = 46;
	objects = {

/* Begin PBXBuildFile section */
		227B3CEF1BAECF95009AC60E /* LaunchImages.xcassets in Resources */ = {isa = PBXBuildFile; fileRef = 227B3CEE1BAECF95009AC60E /* LaunchImages.xcassets */; };
		227C55F91750F1F800FC3411 /* TOAppDelegate.m in Sources */ = {isa = PBXBuildFile; fileRef = 225014F21737B87600DF6D7E /* TOAppDelegate.m */; };
		227C55FA1750F1F900FC3411 /* TOViewController.m in Sources */ = {isa = PBXBuildFile; fileRef = 225014F41737B87600DF6D7E /* TOViewController.m */; };
		227C55FB1750F20700FC3411 /* main.m in Sources */ = {isa = PBXBuildFile; fileRef = 225014FE1737B8A200DF6D7E /* main.m */; };
		2282AEEC1B2E473900BD92FC /* TOWebViewControllerTests.m in Sources */ = {isa = PBXBuildFile; fileRef = 2282AEEB1B2E473900BD92FC /* TOWebViewControllerTests.m */; };
		2282E1D41C266D5600D53AB1 /* TOActivityChrome.m in Sources */ = {isa = PBXBuildFile; fileRef = 22AC285618E9920B006DB0E9 /* TOActivityChrome.m */; };
		2282E1D51C266D5600D53AB1 /* TOViewController.m in Sources */ = {isa = PBXBuildFile; fileRef = 225014F41737B87600DF6D7E /* TOViewController.m */; };
		2282E1D61C266D5600D53AB1 /* UIImage+TOWebViewControllerIcons.m in Sources */ = {isa = PBXBuildFile; fileRef = 22CB13C418E8158000B948D8 /* UIImage+TOWebViewControllerIcons.m */; };
		2282E1D81C266D5600D53AB1 /* TOAppDelegate.m in Sources */ = {isa = PBXBuildFile; fileRef = 225014F21737B87600DF6D7E /* TOAppDelegate.m */; };
		2282E1D91C266D5600D53AB1 /* TOActivitySafari.m in Sources */ = {isa = PBXBuildFile; fileRef = 22AC285318E98FE1006DB0E9 /* TOActivitySafari.m */; };
		2282E1DA1C266D5600D53AB1 /* main.m in Sources */ = {isa = PBXBuildFile; fileRef = 225014FE1737B8A200DF6D7E /* main.m */; };
		2282E1DB1C266D5600D53AB1 /* TOWebViewController.m in Sources */ = {isa = PBXBuildFile; fileRef = 22F9225A1753B15E0034FEF6 /* TOWebViewController.m */; };
		2282E1DD1C266D5600D53AB1 /* CoreGraphics.framework in Frameworks */ = {isa = PBXBuildFile; fileRef = 22E9FEFD1C21DC6900B0C690 /* CoreGraphics.framework */; };
		2282E1DF1C266D5600D53AB1 /* Twitter.framework in Frameworks */ = {isa = PBXBuildFile; fileRef = 22E9FF011C21DCAE00B0C690 /* Twitter.framework */; };
		2282E1E01C266D5600D53AB1 /* MessageUI.framework in Frameworks */ = {isa = PBXBuildFile; fileRef = 22E9FEFF1C21DCA900B0C690 /* MessageUI.framework */; };
		2282E1E11C266D5600D53AB1 /* UIKit.framework in Frameworks */ = {isa = PBXBuildFile; fileRef = 22834A401737B5A50043F7DF /* UIKit.framework */; };
		2282E1E21C266D5600D53AB1 /* Foundation.framework in Frameworks */ = {isa = PBXBuildFile; fileRef = 22834A421737B5A50043F7DF /* Foundation.framework */; };
		2282E1E41C266D5600D53AB1 /* LaunchScreen.xib in Resources */ = {isa = PBXBuildFile; fileRef = 22E060781A3FD0C2001273DF /* LaunchScreen.xib */; };
		2282E1E51C266D5600D53AB1 /* LaunchImages.xcassets in Resources */ = {isa = PBXBuildFile; fileRef = 227B3CEE1BAECF95009AC60E /* LaunchImages.xcassets */; };
		2282E1EE1C266EE100D53AB1 /* TOWebViewController+1Password.m in Sources */ = {isa = PBXBuildFile; fileRef = 2282E1ED1C266EE100D53AB1 /* TOWebViewController+1Password.m */; };
		2282E1F01C26868E00D53AB1 /* WebKit.framework in Frameworks */ = {isa = PBXBuildFile; fileRef = 2282E1EF1C26868E00D53AB1 /* WebKit.framework */; };
		2282E1F21C26879100D53AB1 /* MobileCoreServices.framework in Frameworks */ = {isa = PBXBuildFile; fileRef = 2282E1F11C26879100D53AB1 /* MobileCoreServices.framework */; };
		2282E1F71C26ECEC00D53AB1 /* 1Password.xcassets in Resources */ = {isa = PBXBuildFile; fileRef = 2282E1F41C26ECEC00D53AB1 /* 1Password.xcassets */; };
		2282E1F81C26ECEC00D53AB1 /* OnePasswordExtension.m in Sources */ = {isa = PBXBuildFile; fileRef = 2282E1F61C26ECEC00D53AB1 /* OnePasswordExtension.m */; };
		2282E1FE1C27138600D53AB1 /* NJKWebViewProgress.m in Sources */ = {isa = PBXBuildFile; fileRef = 2282E1FB1C27138600D53AB1 /* NJKWebViewProgress.m */; };
		2282E1FF1C27138600D53AB1 /* NJKWebViewProgress.m in Sources */ = {isa = PBXBuildFile; fileRef = 2282E1FB1C27138600D53AB1 /* NJKWebViewProgress.m */; };
		2282E2001C27138600D53AB1 /* NJKWebViewProgressView.m in Sources */ = {isa = PBXBuildFile; fileRef = 2282E1FD1C27138600D53AB1 /* NJKWebViewProgressView.m */; };
		2282E2011C27138600D53AB1 /* NJKWebViewProgressView.m in Sources */ = {isa = PBXBuildFile; fileRef = 2282E1FD1C27138600D53AB1 /* NJKWebViewProgressView.m */; };
		22834A411737B5A50043F7DF /* UIKit.framework in Frameworks */ = {isa = PBXBuildFile; fileRef = 22834A401737B5A50043F7DF /* UIKit.framework */; };
		22834A431737B5A50043F7DF /* Foundation.framework in Frameworks */ = {isa = PBXBuildFile; fileRef = 22834A421737B5A50043F7DF /* Foundation.framework */; };
		22AC285418E98FE1006DB0E9 /* TOActivitySafari.m in Sources */ = {isa = PBXBuildFile; fileRef = 22AC285318E98FE1006DB0E9 /* TOActivitySafari.m */; };
		22AC285718E9920B006DB0E9 /* TOActivityChrome.m in Sources */ = {isa = PBXBuildFile; fileRef = 22AC285618E9920B006DB0E9 /* TOActivityChrome.m */; };
		22B5F6ED1C27EAC30051776A /* QuartzCore.framework in Frameworks */ = {isa = PBXBuildFile; fileRef = 22B5F6EC1C27EAC30051776A /* QuartzCore.framework */; };
		22B5F6EE1C27EAD10051776A /* QuartzCore.framework in Frameworks */ = {isa = PBXBuildFile; fileRef = 22B5F6EC1C27EAC30051776A /* QuartzCore.framework */; };
		22CB13C518E8158000B948D8 /* UIImage+TOWebViewControllerIcons.m in Sources */ = {isa = PBXBuildFile; fileRef = 22CB13C418E8158000B948D8 /* UIImage+TOWebViewControllerIcons.m */; };
		22E060791A3FD0C2001273DF /* LaunchScreen.xib in Resources */ = {isa = PBXBuildFile; fileRef = 22E060781A3FD0C2001273DF /* LaunchScreen.xib */; };
		22E9FF001C21DCA900B0C690 /* MessageUI.framework in Frameworks */ = {isa = PBXBuildFile; fileRef = 22E9FEFF1C21DCA900B0C690 /* MessageUI.framework */; };
		22E9FF021C21DCAF00B0C690 /* Twitter.framework in Frameworks */ = {isa = PBXBuildFile; fileRef = 22E9FF011C21DCAE00B0C690 /* Twitter.framework */; };
		22E9FF051C21DCDA00B0C690 /* CoreGraphics.framework in Frameworks */ = {isa = PBXBuildFile; fileRef = 22E9FEFD1C21DC6900B0C690 /* CoreGraphics.framework */; };
		22F922791753B15E0034FEF6 /* TOWebViewController.m in Sources */ = {isa = PBXBuildFile; fileRef = 22F9225A1753B15E0034FEF6 /* TOWebViewController.m */; };
		ABC752F81C4FEB720093283B /* TOWebViewControllerLocalizable.strings in Resources */ = {isa = PBXBuildFile; fileRef = ABC752F61C4FEB720093283B /* TOWebViewControllerLocalizable.strings */; };
		D2A653D51C7E871C00566F54 /* NJKWebViewProgress.m in Sources */ = {isa = PBXBuildFile; fileRef = 2282E1FB1C27138600D53AB1 /* NJKWebViewProgress.m */; };
		D2A653D61C7E871F00566F54 /* NJKWebViewProgress.h in Headers */ = {isa = PBXBuildFile; fileRef = 2282E1FA1C27138600D53AB1 /* NJKWebViewProgress.h */; settings = {ATTRIBUTES = (Public, ); }; };
		D2A653D71C7E872600566F54 /* NJKWebViewProgressView.h in Headers */ = {isa = PBXBuildFile; fileRef = 2282E1FC1C27138600D53AB1 /* NJKWebViewProgressView.h */; settings = {ATTRIBUTES = (Public, ); }; };
		D2A653D81C7E872B00566F54 /* NJKWebViewProgressView.m in Sources */ = {isa = PBXBuildFile; fileRef = 2282E1FD1C27138600D53AB1 /* NJKWebViewProgressView.m */; };
		D2A653D91C7E872E00566F54 /* TOWebViewController.m in Sources */ = {isa = PBXBuildFile; fileRef = 22F9225A1753B15E0034FEF6 /* TOWebViewController.m */; };
		D2A653DA1C7E873700566F54 /* TOActivitySafari.h in Headers */ = {isa = PBXBuildFile; fileRef = 22AC285218E98FE1006DB0E9 /* TOActivitySafari.h */; settings = {ATTRIBUTES = (Public, ); }; };
		D2A653DB1C7E873700566F54 /* TOActivitySafari.m in Sources */ = {isa = PBXBuildFile; fileRef = 22AC285318E98FE1006DB0E9 /* TOActivitySafari.m */; };
		D2A653DC1C7E873700566F54 /* TOActivityChrome.h in Headers */ = {isa = PBXBuildFile; fileRef = 22AC285518E9920B006DB0E9 /* TOActivityChrome.h */; settings = {ATTRIBUTES = (Public, ); }; };
		D2A653DD1C7E873700566F54 /* TOActivityChrome.m in Sources */ = {isa = PBXBuildFile; fileRef = 22AC285618E9920B006DB0E9 /* TOActivityChrome.m */; };
		D2A653DE1C7E873700566F54 /* UIImage+TOWebViewControllerIcons.h in Headers */ = {isa = PBXBuildFile; fileRef = 22CB13C318E8158000B948D8 /* UIImage+TOWebViewControllerIcons.h */; settings = {ATTRIBUTES = (Public, ); }; };
		D2A653DF1C7E873700566F54 /* UIImage+TOWebViewControllerIcons.m in Sources */ = {isa = PBXBuildFile; fileRef = 22CB13C418E8158000B948D8 /* UIImage+TOWebViewControllerIcons.m */; };
		D2A653E01C7E873F00566F54 /* OnePasswordExtension.h in Headers */ = {isa = PBXBuildFile; fileRef = 2282E1F51C26ECEC00D53AB1 /* OnePasswordExtension.h */; settings = {ATTRIBUTES = (Public, ); }; };
		D2A653E11C7E873F00566F54 /* OnePasswordExtension.m in Sources */ = {isa = PBXBuildFile; fileRef = 2282E1F61C26ECEC00D53AB1 /* OnePasswordExtension.m */; };
		D2A653E21C7E874100566F54 /* 1Password.xcassets in Resources */ = {isa = PBXBuildFile; fileRef = 2282E1F41C26ECEC00D53AB1 /* 1Password.xcassets */; };
		D2A653E31C7E874500566F54 /* TOWebViewController+1Password.h in Headers */ = {isa = PBXBuildFile; fileRef = 2282E1EC1C266EE100D53AB1 /* TOWebViewController+1Password.h */; settings = {ATTRIBUTES = (Public, ); }; };
		D2A653E41C7E874500566F54 /* TOWebViewController+1Password.m in Sources */ = {isa = PBXBuildFile; fileRef = 2282E1ED1C266EE100D53AB1 /* TOWebViewController+1Password.m */; };
		D2A653E51C7EAAF900566F54 /* TOWebViewController.h in Headers */ = {isa = PBXBuildFile; fileRef = 22F922591753B15E0034FEF6 /* TOWebViewController.h */; settings = {ATTRIBUTES = (Public, ); }; };
/* End PBXBuildFile section */

/* Begin PBXContainerItemProxy section */
		2282AEED1B2E473900BD92FC /* PBXContainerItemProxy */ = {
			isa = PBXContainerItemProxy;
			containerPortal = 22834A351737B5A50043F7DF /* Project object */;
			proxyType = 1;
			remoteGlobalIDString = 22834A3C1737B5A50043F7DF;
			remoteInfo = TOWebViewControllerExample;
		};
/* End PBXContainerItemProxy section */

/* Begin PBXFileReference section */
		221CE5CE18EEFC76002D89F5 /* de */ = {isa = PBXFileReference; lastKnownFileType = text.plist.strings; name = de; path = TOWebViewControllerLocalizable.strings; sourceTree = "<group>"; };
		221CE5D418EEFC76002D89F5 /* es */ = {isa = PBXFileReference; lastKnownFileType = text.plist.strings; name = es; path = TOWebViewControllerLocalizable.strings; sourceTree = "<group>"; };
		221CE5D718EEFC76002D89F5 /* ja */ = {isa = PBXFileReference; lastKnownFileType = text.plist.strings; name = ja; path = TOWebViewControllerLocalizable.strings; sourceTree = "<group>"; };
		221CE5DA18EEFC76002D89F5 /* ko */ = {isa = PBXFileReference; lastKnownFileType = text.plist.strings; name = ko; path = TOWebViewControllerLocalizable.strings; sourceTree = "<group>"; };
		221CE5DD18EEFC76002D89F5 /* pl */ = {isa = PBXFileReference; lastKnownFileType = text.plist.strings; name = pl; path = TOWebViewControllerLocalizable.strings; sourceTree = "<group>"; };
		221CE5E018EEFC76002D89F5 /* zh-Hans */ = {isa = PBXFileReference; lastKnownFileType = text.plist.strings; name = "zh-Hans"; path = TOWebViewControllerLocalizable.strings; sourceTree = "<group>"; };
		221CE5E318EEFC76002D89F5 /* zh-Hant */ = {isa = PBXFileReference; lastKnownFileType = text.plist.strings; name = "zh-Hant"; path = TOWebViewControllerLocalizable.strings; sourceTree = "<group>"; };
		225014F11737B87600DF6D7E /* TOAppDelegate.h */ = {isa = PBXFileReference; lastKnownFileType = sourcecode.c.h; name = TOAppDelegate.h; path = Example/TOAppDelegate.h; sourceTree = SOURCE_ROOT; };
		225014F21737B87600DF6D7E /* TOAppDelegate.m */ = {isa = PBXFileReference; lastKnownFileType = sourcecode.c.objc; name = TOAppDelegate.m; path = Example/TOAppDelegate.m; sourceTree = SOURCE_ROOT; };
		225014F31737B87600DF6D7E /* TOViewController.h */ = {isa = PBXFileReference; lastKnownFileType = sourcecode.c.h; name = TOViewController.h; path = Example/TOViewController.h; sourceTree = SOURCE_ROOT; };
		225014F41737B87600DF6D7E /* TOViewController.m */ = {isa = PBXFileReference; lastKnownFileType = sourcecode.c.objc; name = TOViewController.m; path = Example/TOViewController.m; sourceTree = SOURCE_ROOT; };
		225014FE1737B8A200DF6D7E /* main.m */ = {isa = PBXFileReference; lastKnownFileType = sourcecode.c.objc; name = main.m; path = Example/main.m; sourceTree = SOURCE_ROOT; };
		225014FF1737B8A200DF6D7E /* DefaultExample-Info.plist */ = {isa = PBXFileReference; lastKnownFileType = text.plist.xml; name = "DefaultExample-Info.plist"; path = "Example/DefaultExample-Info.plist"; sourceTree = SOURCE_ROOT; };
		225015001737B8A200DF6D7E /* TOWebViewControllerExample-Prefix.pch */ = {isa = PBXFileReference; lastKnownFileType = sourcecode.c.h; name = "TOWebViewControllerExample-Prefix.pch"; path = "Example/TOWebViewControllerExample-Prefix.pch"; sourceTree = SOURCE_ROOT; };
		227B3CEE1BAECF95009AC60E /* LaunchImages.xcassets */ = {isa = PBXFileReference; lastKnownFileType = folder.assetcatalog; name = LaunchImages.xcassets; path = Example/LaunchImages.xcassets; sourceTree = SOURCE_ROOT; };
		2282AEE71B2E473900BD92FC /* TOWebViewControllerTests.xctest */ = {isa = PBXFileReference; explicitFileType = wrapper.cfbundle; includeInIndex = 0; path = TOWebViewControllerTests.xctest; sourceTree = BUILT_PRODUCTS_DIR; };
		2282AEEA1B2E473900BD92FC /* Info.plist */ = {isa = PBXFileReference; lastKnownFileType = text.plist.xml; path = Info.plist; sourceTree = "<group>"; };
		2282AEEB1B2E473900BD92FC /* TOWebViewControllerTests.m */ = {isa = PBXFileReference; lastKnownFileType = sourcecode.c.objc; path = TOWebViewControllerTests.m; sourceTree = "<group>"; };
		2282E1EA1C266D5600D53AB1 /* TOWVC-1PasswordExample.app */ = {isa = PBXFileReference; explicitFileType = wrapper.application; includeInIndex = 0; path = "TOWVC-1PasswordExample.app"; sourceTree = BUILT_PRODUCTS_DIR; };
		2282E1EB1C266D5600D53AB1 /* OnePasswordExample-Info.plist */ = {isa = PBXFileReference; lastKnownFileType = text.plist.xml; name = "OnePasswordExample-Info.plist"; path = "/Users/TiM/Dropbox/Projects/TOWebViewController/OnePasswordExample-Info.plist"; sourceTree = "<absolute>"; };
		2282E1EC1C266EE100D53AB1 /* TOWebViewController+1Password.h */ = {isa = PBXFileReference; fileEncoding = 4; lastKnownFileType = sourcecode.c.h; path = "TOWebViewController+1Password.h"; sourceTree = "<group>"; };
		2282E1ED1C266EE100D53AB1 /* TOWebViewController+1Password.m */ = {isa = PBXFileReference; fileEncoding = 4; lastKnownFileType = sourcecode.c.objc; path = "TOWebViewController+1Password.m"; sourceTree = "<group>"; };
		2282E1EF1C26868E00D53AB1 /* WebKit.framework */ = {isa = PBXFileReference; lastKnownFileType = wrapper.framework; name = WebKit.framework; path = System/Library/Frameworks/WebKit.framework; sourceTree = SDKROOT; };
		2282E1F11C26879100D53AB1 /* MobileCoreServices.framework */ = {isa = PBXFileReference; lastKnownFileType = wrapper.framework; name = MobileCoreServices.framework; path = System/Library/Frameworks/MobileCoreServices.framework; sourceTree = SDKROOT; };
		2282E1F41C26ECEC00D53AB1 /* 1Password.xcassets */ = {isa = PBXFileReference; lastKnownFileType = folder.assetcatalog; path = 1Password.xcassets; sourceTree = "<group>"; };
		2282E1F51C26ECEC00D53AB1 /* OnePasswordExtension.h */ = {isa = PBXFileReference; fileEncoding = 4; lastKnownFileType = sourcecode.c.h; path = OnePasswordExtension.h; sourceTree = "<group>"; };
		2282E1F61C26ECEC00D53AB1 /* OnePasswordExtension.m */ = {isa = PBXFileReference; fileEncoding = 4; lastKnownFileType = sourcecode.c.objc; path = OnePasswordExtension.m; sourceTree = "<group>"; };
		2282E1FA1C27138600D53AB1 /* NJKWebViewProgress.h */ = {isa = PBXFileReference; fileEncoding = 4; lastKnownFileType = sourcecode.c.h; path = NJKWebViewProgress.h; sourceTree = "<group>"; };
		2282E1FB1C27138600D53AB1 /* NJKWebViewProgress.m */ = {isa = PBXFileReference; fileEncoding = 4; lastKnownFileType = sourcecode.c.objc; path = NJKWebViewProgress.m; sourceTree = "<group>"; };
		2282E1FC1C27138600D53AB1 /* NJKWebViewProgressView.h */ = {isa = PBXFileReference; fileEncoding = 4; lastKnownFileType = sourcecode.c.h; path = NJKWebViewProgressView.h; sourceTree = "<group>"; };
		2282E1FD1C27138600D53AB1 /* NJKWebViewProgressView.m */ = {isa = PBXFileReference; fileEncoding = 4; lastKnownFileType = sourcecode.c.objc; path = NJKWebViewProgressView.m; sourceTree = "<group>"; };
		22834A3D1737B5A50043F7DF /* TOWVC-DefaultExample.app */ = {isa = PBXFileReference; explicitFileType = wrapper.application; includeInIndex = 0; path = "TOWVC-DefaultExample.app"; sourceTree = BUILT_PRODUCTS_DIR; };
		22834A401737B5A50043F7DF /* UIKit.framework */ = {isa = PBXFileReference; lastKnownFileType = wrapper.framework; name = UIKit.framework; path = System/Library/Frameworks/UIKit.framework; sourceTree = SDKROOT; };
		22834A421737B5A50043F7DF /* Foundation.framework */ = {isa = PBXFileReference; lastKnownFileType = wrapper.framework; name = Foundation.framework; path = System/Library/Frameworks/Foundation.framework; sourceTree = SDKROOT; };
		22AC285218E98FE1006DB0E9 /* TOActivitySafari.h */ = {isa = PBXFileReference; fileEncoding = 4; lastKnownFileType = sourcecode.c.h; path = TOActivitySafari.h; sourceTree = "<group>"; };
		22AC285318E98FE1006DB0E9 /* TOActivitySafari.m */ = {isa = PBXFileReference; fileEncoding = 4; lastKnownFileType = sourcecode.c.objc; path = TOActivitySafari.m; sourceTree = "<group>"; };
		22AC285518E9920B006DB0E9 /* TOActivityChrome.h */ = {isa = PBXFileReference; fileEncoding = 4; lastKnownFileType = sourcecode.c.h; path = TOActivityChrome.h; sourceTree = "<group>"; };
		22AC285618E9920B006DB0E9 /* TOActivityChrome.m */ = {isa = PBXFileReference; fileEncoding = 4; lastKnownFileType = sourcecode.c.objc; path = TOActivityChrome.m; sourceTree = "<group>"; };
		22B5F6EC1C27EAC30051776A /* QuartzCore.framework */ = {isa = PBXFileReference; lastKnownFileType = wrapper.framework; name = QuartzCore.framework; path = System/Library/Frameworks/QuartzCore.framework; sourceTree = SDKROOT; };
		22CB13C318E8158000B948D8 /* UIImage+TOWebViewControllerIcons.h */ = {isa = PBXFileReference; fileEncoding = 4; lastKnownFileType = sourcecode.c.h; path = "UIImage+TOWebViewControllerIcons.h"; sourceTree = "<group>"; };
		22CB13C418E8158000B948D8 /* UIImage+TOWebViewControllerIcons.m */ = {isa = PBXFileReference; fileEncoding = 4; lastKnownFileType = sourcecode.c.objc; path = "UIImage+TOWebViewControllerIcons.m"; sourceTree = "<group>"; };
		22E060781A3FD0C2001273DF /* LaunchScreen.xib */ = {isa = PBXFileReference; fileEncoding = 4; lastKnownFileType = file.xib; name = LaunchScreen.xib; path = Example/LaunchScreen.xib; sourceTree = SOURCE_ROOT; };
		22E9FEFD1C21DC6900B0C690 /* CoreGraphics.framework */ = {isa = PBXFileReference; lastKnownFileType = wrapper.framework; name = CoreGraphics.framework; path = System/Library/Frameworks/CoreGraphics.framework; sourceTree = SDKROOT; };
		22E9FEFF1C21DCA900B0C690 /* MessageUI.framework */ = {isa = PBXFileReference; lastKnownFileType = wrapper.framework; name = MessageUI.framework; path = System/Library/Frameworks/MessageUI.framework; sourceTree = SDKROOT; };
		22E9FF011C21DCAE00B0C690 /* Twitter.framework */ = {isa = PBXFileReference; lastKnownFileType = wrapper.framework; name = Twitter.framework; path = System/Library/Frameworks/Twitter.framework; sourceTree = SDKROOT; };
		22F922591753B15E0034FEF6 /* TOWebViewController.h */ = {isa = PBXFileReference; fileEncoding = 4; lastKnownFileType = sourcecode.c.h; path = TOWebViewController.h; sourceTree = "<group>"; };
		22F9225A1753B15E0034FEF6 /* TOWebViewController.m */ = {isa = PBXFileReference; fileEncoding = 4; lastKnownFileType = sourcecode.c.objc; path = TOWebViewController.m; sourceTree = "<group>"; };
		762BBB941A5DB8CF00FF22FC /* fr */ = {isa = PBXFileReference; lastKnownFileType = text.plist.strings; name = fr; path = TOWebViewControllerLocalizable.strings; sourceTree = "<group>"; };
		ABC752F71C4FEB720093283B /* it */ = {isa = PBXFileReference; lastKnownFileType = text.plist.strings; name = it; path = TOWebViewControllerLocalizable.strings; sourceTree = "<group>"; };
		D2A653CD1C7E86FC00566F54 /* TOWebViewController.framework */ = {isa = PBXFileReference; explicitFileType = wrapper.framework; includeInIndex = 0; path = TOWebViewController.framework; sourceTree = BUILT_PRODUCTS_DIR; };
		D2A653D11C7E86FC00566F54 /* Info.plist */ = {isa = PBXFileReference; lastKnownFileType = text.plist.xml; path = Info.plist; sourceTree = "<group>"; };
		F66F5CB41B79DAFB0051B142 /* en */ = {isa = PBXFileReference; lastKnownFileType = text.plist.strings; name = en; path = TOWebViewControllerLocalizable.strings; sourceTree = "<group>"; };
		F66F5CB71B79DB080051B142 /* ru */ = {isa = PBXFileReference; lastKnownFileType = text.plist.strings; name = ru; path = TOWebViewControllerLocalizable.strings; sourceTree = "<group>"; };
		F66F5CBA1B79DB080051B142 /* uk */ = {isa = PBXFileReference; lastKnownFileType = text.plist.strings; name = uk; path = TOWebViewControllerLocalizable.strings; sourceTree = "<group>"; };
/* End PBXFileReference section */

/* Begin PBXFrameworksBuildPhase section */
		2282AEE41B2E473900BD92FC /* Frameworks */ = {
			isa = PBXFrameworksBuildPhase;
			buildActionMask = 2147483647;
			files = (
			);
			runOnlyForDeploymentPostprocessing = 0;
		};
		2282E1DC1C266D5600D53AB1 /* Frameworks */ = {
			isa = PBXFrameworksBuildPhase;
			buildActionMask = 2147483647;
			files = (
				22B5F6EE1C27EAD10051776A /* QuartzCore.framework in Frameworks */,
				2282E1F21C26879100D53AB1 /* MobileCoreServices.framework in Frameworks */,
				2282E1F01C26868E00D53AB1 /* WebKit.framework in Frameworks */,
				2282E1DD1C266D5600D53AB1 /* CoreGraphics.framework in Frameworks */,
				2282E1DF1C266D5600D53AB1 /* Twitter.framework in Frameworks */,
				2282E1E01C266D5600D53AB1 /* MessageUI.framework in Frameworks */,
				2282E1E11C266D5600D53AB1 /* UIKit.framework in Frameworks */,
				2282E1E21C266D5600D53AB1 /* Foundation.framework in Frameworks */,
			);
			runOnlyForDeploymentPostprocessing = 0;
		};
		22834A3A1737B5A50043F7DF /* Frameworks */ = {
			isa = PBXFrameworksBuildPhase;
			buildActionMask = 2147483647;
			files = (
				22B5F6ED1C27EAC30051776A /* QuartzCore.framework in Frameworks */,
				22E9FF051C21DCDA00B0C690 /* CoreGraphics.framework in Frameworks */,
				22E9FF021C21DCAF00B0C690 /* Twitter.framework in Frameworks */,
				22E9FF001C21DCA900B0C690 /* MessageUI.framework in Frameworks */,
				22834A411737B5A50043F7DF /* UIKit.framework in Frameworks */,
				22834A431737B5A50043F7DF /* Foundation.framework in Frameworks */,
			);
			runOnlyForDeploymentPostprocessing = 0;
		};
		D2A653C91C7E86FC00566F54 /* Frameworks */ = {
			isa = PBXFrameworksBuildPhase;
			buildActionMask = 2147483647;
			files = (
			);
			runOnlyForDeploymentPostprocessing = 0;
		};
/* End PBXFrameworksBuildPhase section */

/* Begin PBXGroup section */
		221CE5CC18EEFC76002D89F5 /* de.lproj */ = {
			isa = PBXGroup;
			children = (
				221CE5CD18EEFC76002D89F5 /* TOWebViewControllerLocalizable.strings */,
			);
			name = de.lproj;
			path = TOWebViewController/de.lproj;
			sourceTree = SOURCE_ROOT;
		};
		221CE5D218EEFC76002D89F5 /* es.lproj */ = {
			isa = PBXGroup;
			children = (
				221CE5D318EEFC76002D89F5 /* TOWebViewControllerLocalizable.strings */,
			);
			name = es.lproj;
			path = TOWebViewController/es.lproj;
			sourceTree = SOURCE_ROOT;
		};
		221CE5D518EEFC76002D89F5 /* ja.lproj */ = {
			isa = PBXGroup;
			children = (
				221CE5D618EEFC76002D89F5 /* TOWebViewControllerLocalizable.strings */,
			);
			name = ja.lproj;
			path = TOWebViewController/ja.lproj;
			sourceTree = SOURCE_ROOT;
		};
		221CE5D818EEFC76002D89F5 /* ko.lproj */ = {
			isa = PBXGroup;
			children = (
				221CE5D918EEFC76002D89F5 /* TOWebViewControllerLocalizable.strings */,
			);
			name = ko.lproj;
			path = TOWebViewController/ko.lproj;
			sourceTree = SOURCE_ROOT;
		};
		221CE5DB18EEFC76002D89F5 /* pl.lproj */ = {
			isa = PBXGroup;
			children = (
				221CE5DC18EEFC76002D89F5 /* TOWebViewControllerLocalizable.strings */,
			);
			name = pl.lproj;
			path = TOWebViewController/pl.lproj;
			sourceTree = SOURCE_ROOT;
		};
		221CE5DE18EEFC76002D89F5 /* zh-Hans.lproj */ = {
			isa = PBXGroup;
			children = (
				221CE5DF18EEFC76002D89F5 /* TOWebViewControllerLocalizable.strings */,
			);
			name = "zh-Hans.lproj";
			path = "TOWebViewController/zh-Hans.lproj";
			sourceTree = SOURCE_ROOT;
		};
		221CE5E118EEFC76002D89F5 /* zh-Hant.lproj */ = {
			isa = PBXGroup;
			children = (
				221CE5E218EEFC76002D89F5 /* TOWebViewControllerLocalizable.strings */,
			);
			name = "zh-Hant.lproj";
			path = "TOWebViewController/zh-Hant.lproj";
			sourceTree = SOURCE_ROOT;
		};
		221CE5EC18EEFC84002D89F5 /* Localizations */ = {
			isa = PBXGroup;
			children = (
				ABC752F51C4FEB450093283B /* it.lproj */,
				221CE5CC18EEFC76002D89F5 /* de.lproj */,
				F66F5CB21B79DAFB0051B142 /* en.lproj */,
				221CE5D218EEFC76002D89F5 /* es.lproj */,
				762BBB921A5DB8CF00FF22FC /* fr.lproj */,
				221CE5D518EEFC76002D89F5 /* ja.lproj */,
				221CE5D818EEFC76002D89F5 /* ko.lproj */,
				221CE5DB18EEFC76002D89F5 /* pl.lproj */,
				F66F5CB51B79DB080051B142 /* ru.lproj */,
				F66F5CB81B79DB080051B142 /* uk.lproj */,
				221CE5DE18EEFC76002D89F5 /* zh-Hans.lproj */,
				221CE5E118EEFC76002D89F5 /* zh-Hant.lproj */,
			);
			name = Localizations;
			path = TOWebViewControllerExample;
			sourceTree = SOURCE_ROOT;
		};
		2282AEE81B2E473900BD92FC /* TOWebViewControllerTests */ = {
			isa = PBXGroup;
			children = (
				2282AEEB1B2E473900BD92FC /* TOWebViewControllerTests.m */,
				2282AEE91B2E473900BD92FC /* Supporting Files */,
			);
			path = TOWebViewControllerTests;
			sourceTree = "<group>";
		};
		2282AEE91B2E473900BD92FC /* Supporting Files */ = {
			isa = PBXGroup;
			children = (
				2282AEEA1B2E473900BD92FC /* Info.plist */,
			);
			name = "Supporting Files";
			sourceTree = "<group>";
		};
		2282E1CB1C266A6400D53AB1 /* TOWebViewController+1Password */ = {
			isa = PBXGroup;
			children = (
				2282E1F31C26ECEC00D53AB1 /* 1PasswordExtension */,
				2282E1EC1C266EE100D53AB1 /* TOWebViewController+1Password.h */,
				2282E1ED1C266EE100D53AB1 /* TOWebViewController+1Password.m */,
			);
			path = "TOWebViewController+1Password";
			sourceTree = "<group>";
		};
		2282E1F31C26ECEC00D53AB1 /* 1PasswordExtension */ = {
			isa = PBXGroup;
			children = (
				2282E1F41C26ECEC00D53AB1 /* 1Password.xcassets */,
				2282E1F51C26ECEC00D53AB1 /* OnePasswordExtension.h */,
				2282E1F61C26ECEC00D53AB1 /* OnePasswordExtension.m */,
			);
			path = 1PasswordExtension;
			sourceTree = "<group>";
		};
		2282E1F91C27138600D53AB1 /* NJKWebViewProgress */ = {
			isa = PBXGroup;
			children = (
				2282E1FA1C27138600D53AB1 /* NJKWebViewProgress.h */,
				2282E1FB1C27138600D53AB1 /* NJKWebViewProgress.m */,
				2282E1FC1C27138600D53AB1 /* NJKWebViewProgressView.h */,
				2282E1FD1C27138600D53AB1 /* NJKWebViewProgressView.m */,
			);
			path = NJKWebViewProgress;
			sourceTree = "<group>";
		};
		22834A341737B5A50043F7DF = {
			isa = PBXGroup;
			children = (
				22F922391753B15D0034FEF6 /* TOWebViewController */,
				2282E1CB1C266A6400D53AB1 /* TOWebViewController+1Password */,
				22834A461737B5A50043F7DF /* TOWebViewControllerExample */,
				2282AEE81B2E473900BD92FC /* TOWebViewControllerTests */,
				D2A653CE1C7E86FC00566F54 /* TOWebViewController */,
				22834A3F1737B5A50043F7DF /* Frameworks */,
				22834A3E1737B5A50043F7DF /* Products */,
			);
			sourceTree = "<group>";
		};
		22834A3E1737B5A50043F7DF /* Products */ = {
			isa = PBXGroup;
			children = (
				22834A3D1737B5A50043F7DF /* TOWVC-DefaultExample.app */,
				2282AEE71B2E473900BD92FC /* TOWebViewControllerTests.xctest */,
				2282E1EA1C266D5600D53AB1 /* TOWVC-1PasswordExample.app */,
				D2A653CD1C7E86FC00566F54 /* TOWebViewController.framework */,
			);
			name = Products;
			sourceTree = "<group>";
		};
		22834A3F1737B5A50043F7DF /* Frameworks */ = {
			isa = PBXGroup;
			children = (
				22B5F6EC1C27EAC30051776A /* QuartzCore.framework */,
				2282E1F11C26879100D53AB1 /* MobileCoreServices.framework */,
				2282E1EF1C26868E00D53AB1 /* WebKit.framework */,
				22E9FF011C21DCAE00B0C690 /* Twitter.framework */,
				22E9FEFF1C21DCA900B0C690 /* MessageUI.framework */,
				22E9FEFD1C21DC6900B0C690 /* CoreGraphics.framework */,
				22834A401737B5A50043F7DF /* UIKit.framework */,
				22834A421737B5A50043F7DF /* Foundation.framework */,
			);
			name = Frameworks;
			sourceTree = "<group>";
		};
		22834A461737B5A50043F7DF /* TOWebViewControllerExample */ = {
			isa = PBXGroup;
			children = (
				225014F11737B87600DF6D7E /* TOAppDelegate.h */,
				225014F21737B87600DF6D7E /* TOAppDelegate.m */,
				225014F31737B87600DF6D7E /* TOViewController.h */,
				225014F41737B87600DF6D7E /* TOViewController.m */,
				22834A471737B5A50043F7DF /* Supporting Files */,
			);
			path = TOWebViewControllerExample;
			sourceTree = "<group>";
		};
		22834A471737B5A50043F7DF /* Supporting Files */ = {
			isa = PBXGroup;
			children = (
				225014FE1737B8A200DF6D7E /* main.m */,
				225014FF1737B8A200DF6D7E /* DefaultExample-Info.plist */,
				2282E1EB1C266D5600D53AB1 /* OnePasswordExample-Info.plist */,
				225015001737B8A200DF6D7E /* TOWebViewControllerExample-Prefix.pch */,
				22E060781A3FD0C2001273DF /* LaunchScreen.xib */,
				227B3CEE1BAECF95009AC60E /* LaunchImages.xcassets */,
			);
			name = "Supporting Files";
			sourceTree = "<group>";
		};
		22F922391753B15D0034FEF6 /* TOWebViewController */ = {
			isa = PBXGroup;
			children = (
				2282E1F91C27138600D53AB1 /* NJKWebViewProgress */,
				221CE5EC18EEFC84002D89F5 /* Localizations */,
				22F922591753B15E0034FEF6 /* TOWebViewController.h */,
				22F9225A1753B15E0034FEF6 /* TOWebViewController.m */,
				22AC285218E98FE1006DB0E9 /* TOActivitySafari.h */,
				22AC285318E98FE1006DB0E9 /* TOActivitySafari.m */,
				22AC285518E9920B006DB0E9 /* TOActivityChrome.h */,
				22AC285618E9920B006DB0E9 /* TOActivityChrome.m */,
				22CB13C318E8158000B948D8 /* UIImage+TOWebViewControllerIcons.h */,
				22CB13C418E8158000B948D8 /* UIImage+TOWebViewControllerIcons.m */,
			);
			path = TOWebViewController;
			sourceTree = SOURCE_ROOT;
		};
		762BBB921A5DB8CF00FF22FC /* fr.lproj */ = {
			isa = PBXGroup;
			children = (
				762BBB931A5DB8CF00FF22FC /* TOWebViewControllerLocalizable.strings */,
			);
			name = fr.lproj;
			path = TOWebViewController/fr.lproj;
			sourceTree = SOURCE_ROOT;
		};
		ABC752F51C4FEB450093283B /* it.lproj */ = {
			isa = PBXGroup;
			children = (
				ABC752F61C4FEB720093283B /* TOWebViewControllerLocalizable.strings */,
			);
			name = it.lproj;
			path = TOWebViewController/it.lproj;
			sourceTree = SOURCE_ROOT;
		};
		D2A653CE1C7E86FC00566F54 /* TOWebViewController */ = {
			isa = PBXGroup;
			children = (
				D2A653D11C7E86FC00566F54 /* Info.plist */,
			);
			path = TOWebViewController;
			sourceTree = "<group>";
		};
		F66F5CB21B79DAFB0051B142 /* en.lproj */ = {
			isa = PBXGroup;
			children = (
				F66F5CB31B79DAFB0051B142 /* TOWebViewControllerLocalizable.strings */,
			);
			name = en.lproj;
			path = TOWebViewController/en.lproj;
			sourceTree = SOURCE_ROOT;
		};
		F66F5CB51B79DB080051B142 /* ru.lproj */ = {
			isa = PBXGroup;
			children = (
				F66F5CB61B79DB080051B142 /* TOWebViewControllerLocalizable.strings */,
			);
			name = ru.lproj;
			path = TOWebViewController/ru.lproj;
			sourceTree = SOURCE_ROOT;
		};
		F66F5CB81B79DB080051B142 /* uk.lproj */ = {
			isa = PBXGroup;
			children = (
				F66F5CB91B79DB080051B142 /* TOWebViewControllerLocalizable.strings */,
			);
			name = uk.lproj;
			path = TOWebViewController/uk.lproj;
			sourceTree = SOURCE_ROOT;
		};
/* End PBXGroup section */

/* Begin PBXHeadersBuildPhase section */
		D2A653CA1C7E86FC00566F54 /* Headers */ = {
			isa = PBXHeadersBuildPhase;
			buildActionMask = 2147483647;
			files = (
				D2A653D71C7E872600566F54 /* NJKWebViewProgressView.h in Headers */,
				D2A653DA1C7E873700566F54 /* TOActivitySafari.h in Headers */,
				D2A653E51C7EAAF900566F54 /* TOWebViewController.h in Headers */,
				D2A653DC1C7E873700566F54 /* TOActivityChrome.h in Headers */,
				D2A653E31C7E874500566F54 /* TOWebViewController+1Password.h in Headers */,
				D2A653DE1C7E873700566F54 /* UIImage+TOWebViewControllerIcons.h in Headers */,
				D2A653D61C7E871F00566F54 /* NJKWebViewProgress.h in Headers */,
				D2A653E01C7E873F00566F54 /* OnePasswordExtension.h in Headers */,
			);
			runOnlyForDeploymentPostprocessing = 0;
		};
/* End PBXHeadersBuildPhase section */

/* Begin PBXNativeTarget section */
		2282AEE61B2E473900BD92FC /* TOWebViewControllerTests */ = {
			isa = PBXNativeTarget;
			buildConfigurationList = 2282AEF11B2E473900BD92FC /* Build configuration list for PBXNativeTarget "TOWebViewControllerTests" */;
			buildPhases = (
				2282AEE31B2E473900BD92FC /* Sources */,
				2282AEE41B2E473900BD92FC /* Frameworks */,
				2282AEE51B2E473900BD92FC /* Resources */,
			);
			buildRules = (
			);
			dependencies = (
				2282AEEE1B2E473900BD92FC /* PBXTargetDependency */,
			);
			name = TOWebViewControllerTests;
			productName = TOWebViewControllerTests;
			productReference = 2282AEE71B2E473900BD92FC /* TOWebViewControllerTests.xctest */;
			productType = "com.apple.product-type.bundle.unit-test";
		};
		2282E1D21C266D5600D53AB1 /* TOWVC-1PasswordExample */ = {
			isa = PBXNativeTarget;
			buildConfigurationList = 2282E1E71C266D5600D53AB1 /* Build configuration list for PBXNativeTarget "TOWVC-1PasswordExample" */;
			buildPhases = (
				2282E1D31C266D5600D53AB1 /* Sources */,
				2282E1DC1C266D5600D53AB1 /* Frameworks */,
				2282E1E31C266D5600D53AB1 /* Resources */,
			);
			buildRules = (
			);
			dependencies = (
			);
			name = "TOWVC-1PasswordExample";
			productName = TOWebViewControllerExample;
			productReference = 2282E1EA1C266D5600D53AB1 /* TOWVC-1PasswordExample.app */;
			productType = "com.apple.product-type.application";
		};
		22834A3C1737B5A50043F7DF /* TOWVC-DefaultExample */ = {
			isa = PBXNativeTarget;
			buildConfigurationList = 22834A631737B5A50043F7DF /* Build configuration list for PBXNativeTarget "TOWVC-DefaultExample" */;
			buildPhases = (
				22834A391737B5A50043F7DF /* Sources */,
				22834A3A1737B5A50043F7DF /* Frameworks */,
				22834A3B1737B5A50043F7DF /* Resources */,
			);
			buildRules = (
			);
			dependencies = (
			);
			name = "TOWVC-DefaultExample";
			productName = TOWebViewControllerExample;
			productReference = 22834A3D1737B5A50043F7DF /* TOWVC-DefaultExample.app */;
			productType = "com.apple.product-type.application";
		};
		D2A653CC1C7E86FC00566F54 /* TOWebViewController */ = {
			isa = PBXNativeTarget;
			buildConfigurationList = D2A653D41C7E86FC00566F54 /* Build configuration list for PBXNativeTarget "TOWebViewController" */;
			buildPhases = (
				D2A653C81C7E86FC00566F54 /* Sources */,
				D2A653C91C7E86FC00566F54 /* Frameworks */,
				D2A653CA1C7E86FC00566F54 /* Headers */,
				D2A653CB1C7E86FC00566F54 /* Resources */,
			);
			buildRules = (
			);
			dependencies = (
			);
			name = TOWebViewController;
			productName = TOWebViewController;
			productReference = D2A653CD1C7E86FC00566F54 /* TOWebViewController.framework */;
			productType = "com.apple.product-type.framework";
		};
/* End PBXNativeTarget section */

/* Begin PBXProject section */
		22834A351737B5A50043F7DF /* Project object */ = {
			isa = PBXProject;
			attributes = {
				CLASSPREFIX = TO;
				LastUpgradeCheck = 0720;
				ORGANIZATIONNAME = "Tim Oliver";
				TargetAttributes = {
					2282AEE61B2E473900BD92FC = {
						CreatedOnToolsVersion = 6.3.2;
						TestTargetID = 22834A3C1737B5A50043F7DF;
					};
					22834A3C1737B5A50043F7DF = {
						DevelopmentTeam = 6LF3GMKZAB;
					};
					D2A653CC1C7E86FC00566F54 = {
						CreatedOnToolsVersion = 7.2;
					};
				};
			};
			buildConfigurationList = 22834A381737B5A50043F7DF /* Build configuration list for PBXProject "TOWebViewControllerExample" */;
			compatibilityVersion = "Xcode 3.2";
			developmentRegion = English;
			hasScannedForEncodings = 0;
			knownRegions = (
				en,
				de,
				ja,
				pl,
				"zh-CHS",
				"zh-Hans",
				es,
				ko,
				"zh-Hant",
				ru,
				uk,
				fr,
				it,
			);
			mainGroup = 22834A341737B5A50043F7DF;
			productRefGroup = 22834A3E1737B5A50043F7DF /* Products */;
			projectDirPath = "";
			projectRoot = "";
			targets = (
				22834A3C1737B5A50043F7DF /* TOWVC-DefaultExample */,
				2282E1D21C266D5600D53AB1 /* TOWVC-1PasswordExample */,
				2282AEE61B2E473900BD92FC /* TOWebViewControllerTests */,
				D2A653CC1C7E86FC00566F54 /* TOWebViewController */,
			);
		};
/* End PBXProject section */

/* Begin PBXResourcesBuildPhase section */
		2282AEE51B2E473900BD92FC /* Resources */ = {
			isa = PBXResourcesBuildPhase;
			buildActionMask = 2147483647;
			files = (
			);
			runOnlyForDeploymentPostprocessing = 0;
		};
		2282E1E31C266D5600D53AB1 /* Resources */ = {
			isa = PBXResourcesBuildPhase;
			buildActionMask = 2147483647;
			files = (
				2282E1E41C266D5600D53AB1 /* LaunchScreen.xib in Resources */,
				2282E1E51C266D5600D53AB1 /* LaunchImages.xcassets in Resources */,
				2282E1F71C26ECEC00D53AB1 /* 1Password.xcassets in Resources */,
			);
			runOnlyForDeploymentPostprocessing = 0;
		};
		22834A3B1737B5A50043F7DF /* Resources */ = {
			isa = PBXResourcesBuildPhase;
			buildActionMask = 2147483647;
			files = (
				ABC752F81C4FEB720093283B /* TOWebViewControllerLocalizable.strings in Resources */,
				22E060791A3FD0C2001273DF /* LaunchScreen.xib in Resources */,
				227B3CEF1BAECF95009AC60E /* LaunchImages.xcassets in Resources */,
			);
			runOnlyForDeploymentPostprocessing = 0;
		};
		D2A653CB1C7E86FC00566F54 /* Resources */ = {
			isa = PBXResourcesBuildPhase;
			buildActionMask = 2147483647;
			files = (
				D2A653E21C7E874100566F54 /* 1Password.xcassets in Resources */,
			);
			runOnlyForDeploymentPostprocessing = 0;
		};
/* End PBXResourcesBuildPhase section */

/* Begin PBXSourcesBuildPhase section */
		2282AEE31B2E473900BD92FC /* Sources */ = {
			isa = PBXSourcesBuildPhase;
			buildActionMask = 2147483647;
			files = (
				2282AEEC1B2E473900BD92FC /* TOWebViewControllerTests.m in Sources */,
			);
			runOnlyForDeploymentPostprocessing = 0;
		};
		2282E1D31C266D5600D53AB1 /* Sources */ = {
			isa = PBXSourcesBuildPhase;
			buildActionMask = 2147483647;
			files = (
				2282E1FF1C27138600D53AB1 /* NJKWebViewProgress.m in Sources */,
				2282E1EE1C266EE100D53AB1 /* TOWebViewController+1Password.m in Sources */,
				2282E1D41C266D5600D53AB1 /* TOActivityChrome.m in Sources */,
				2282E2011C27138600D53AB1 /* NJKWebViewProgressView.m in Sources */,
				2282E1D51C266D5600D53AB1 /* TOViewController.m in Sources */,
				2282E1F81C26ECEC00D53AB1 /* OnePasswordExtension.m in Sources */,
				2282E1D61C266D5600D53AB1 /* UIImage+TOWebViewControllerIcons.m in Sources */,
				2282E1D81C266D5600D53AB1 /* TOAppDelegate.m in Sources */,
				2282E1D91C266D5600D53AB1 /* TOActivitySafari.m in Sources */,
				2282E1DA1C266D5600D53AB1 /* main.m in Sources */,
				2282E1DB1C266D5600D53AB1 /* TOWebViewController.m in Sources */,
			);
			runOnlyForDeploymentPostprocessing = 0;
		};
		22834A391737B5A50043F7DF /* Sources */ = {
			isa = PBXSourcesBuildPhase;
			buildActionMask = 2147483647;
			files = (
				2282E1FE1C27138600D53AB1 /* NJKWebViewProgress.m in Sources */,
				22AC285718E9920B006DB0E9 /* TOActivityChrome.m in Sources */,
				227C55FA1750F1F900FC3411 /* TOViewController.m in Sources */,
				22CB13C518E8158000B948D8 /* UIImage+TOWebViewControllerIcons.m in Sources */,
				227C55F91750F1F800FC3411 /* TOAppDelegate.m in Sources */,
				22AC285418E98FE1006DB0E9 /* TOActivitySafari.m in Sources */,
				227C55FB1750F20700FC3411 /* main.m in Sources */,
				2282E2001C27138600D53AB1 /* NJKWebViewProgressView.m in Sources */,
				22F922791753B15E0034FEF6 /* TOWebViewController.m in Sources */,
			);
			runOnlyForDeploymentPostprocessing = 0;
		};
		D2A653C81C7E86FC00566F54 /* Sources */ = {
			isa = PBXSourcesBuildPhase;
			buildActionMask = 2147483647;
			files = (
				D2A653E11C7E873F00566F54 /* OnePasswordExtension.m in Sources */,
				D2A653E41C7E874500566F54 /* TOWebViewController+1Password.m in Sources */,
				D2A653D91C7E872E00566F54 /* TOWebViewController.m in Sources */,
				D2A653D51C7E871C00566F54 /* NJKWebViewProgress.m in Sources */,
				D2A653D81C7E872B00566F54 /* NJKWebViewProgressView.m in Sources */,
				D2A653DD1C7E873700566F54 /* TOActivityChrome.m in Sources */,
				D2A653DB1C7E873700566F54 /* TOActivitySafari.m in Sources */,
				D2A653DF1C7E873700566F54 /* UIImage+TOWebViewControllerIcons.m in Sources */,
			);
			runOnlyForDeploymentPostprocessing = 0;
		};
/* End PBXSourcesBuildPhase section */

/* Begin PBXTargetDependency section */
		2282AEEE1B2E473900BD92FC /* PBXTargetDependency */ = {
			isa = PBXTargetDependency;
			target = 22834A3C1737B5A50043F7DF /* TOWVC-DefaultExample */;
			targetProxy = 2282AEED1B2E473900BD92FC /* PBXContainerItemProxy */;
		};
/* End PBXTargetDependency section */

/* Begin PBXVariantGroup section */
		221CE5CD18EEFC76002D89F5 /* TOWebViewControllerLocalizable.strings */ = {
			isa = PBXVariantGroup;
			children = (
				221CE5CE18EEFC76002D89F5 /* de */,
			);
			name = TOWebViewControllerLocalizable.strings;
			sourceTree = "<group>";
		};
		221CE5D318EEFC76002D89F5 /* TOWebViewControllerLocalizable.strings */ = {
			isa = PBXVariantGroup;
			children = (
				221CE5D418EEFC76002D89F5 /* es */,
			);
			name = TOWebViewControllerLocalizable.strings;
			sourceTree = "<group>";
		};
		221CE5D618EEFC76002D89F5 /* TOWebViewControllerLocalizable.strings */ = {
			isa = PBXVariantGroup;
			children = (
				221CE5D718EEFC76002D89F5 /* ja */,
			);
			name = TOWebViewControllerLocalizable.strings;
			sourceTree = "<group>";
		};
		221CE5D918EEFC76002D89F5 /* TOWebViewControllerLocalizable.strings */ = {
			isa = PBXVariantGroup;
			children = (
				221CE5DA18EEFC76002D89F5 /* ko */,
			);
			name = TOWebViewControllerLocalizable.strings;
			sourceTree = "<group>";
		};
		221CE5DC18EEFC76002D89F5 /* TOWebViewControllerLocalizable.strings */ = {
			isa = PBXVariantGroup;
			children = (
				221CE5DD18EEFC76002D89F5 /* pl */,
			);
			name = TOWebViewControllerLocalizable.strings;
			sourceTree = "<group>";
		};
		221CE5DF18EEFC76002D89F5 /* TOWebViewControllerLocalizable.strings */ = {
			isa = PBXVariantGroup;
			children = (
				221CE5E018EEFC76002D89F5 /* zh-Hans */,
			);
			name = TOWebViewControllerLocalizable.strings;
			sourceTree = "<group>";
		};
		221CE5E218EEFC76002D89F5 /* TOWebViewControllerLocalizable.strings */ = {
			isa = PBXVariantGroup;
			children = (
				221CE5E318EEFC76002D89F5 /* zh-Hant */,
			);
			name = TOWebViewControllerLocalizable.strings;
			sourceTree = "<group>";
		};
		762BBB931A5DB8CF00FF22FC /* TOWebViewControllerLocalizable.strings */ = {
			isa = PBXVariantGroup;
			children = (
				762BBB941A5DB8CF00FF22FC /* fr */,
			);
			name = TOWebViewControllerLocalizable.strings;
			sourceTree = "<group>";
		};
		ABC752F61C4FEB720093283B /* TOWebViewControllerLocalizable.strings */ = {
			isa = PBXVariantGroup;
			children = (
				ABC752F71C4FEB720093283B /* it */,
			);
			name = TOWebViewControllerLocalizable.strings;
			sourceTree = "<group>";
		};
		F66F5CB31B79DAFB0051B142 /* TOWebViewControllerLocalizable.strings */ = {
			isa = PBXVariantGroup;
			children = (
				F66F5CB41B79DAFB0051B142 /* en */,
			);
			name = TOWebViewControllerLocalizable.strings;
			sourceTree = "<group>";
		};
		F66F5CB61B79DB080051B142 /* TOWebViewControllerLocalizable.strings */ = {
			isa = PBXVariantGroup;
			children = (
				F66F5CB71B79DB080051B142 /* ru */,
			);
			name = TOWebViewControllerLocalizable.strings;
			sourceTree = "<group>";
		};
		F66F5CB91B79DB080051B142 /* TOWebViewControllerLocalizable.strings */ = {
			isa = PBXVariantGroup;
			children = (
				F66F5CBA1B79DB080051B142 /* uk */,
			);
			name = TOWebViewControllerLocalizable.strings;
			sourceTree = "<group>";
		};
/* End PBXVariantGroup section */

/* Begin XCBuildConfiguration section */
		2282AEEF1B2E473900BD92FC /* Debug */ = {
			isa = XCBuildConfiguration;
			buildSettings = {
				BUNDLE_LOADER = "$(TEST_HOST)";
				CLANG_ENABLE_MODULES = YES;
				CLANG_WARN_BOOL_CONVERSION = YES;
				CLANG_WARN_DIRECT_OBJC_ISA_USAGE = YES_ERROR;
				CLANG_WARN_OBJC_ROOT_CLASS = YES_ERROR;
				CLANG_WARN_UNREACHABLE_CODE = YES;
				DEBUG_INFORMATION_FORMAT = "dwarf-with-dsym";
				ENABLE_STRICT_OBJC_MSGSEND = YES;
				GCC_NO_COMMON_BLOCKS = YES;
				GCC_PREPROCESSOR_DEFINITIONS = (
					"DEBUG=1",
					"$(inherited)",
				);
				GCC_WARN_64_TO_32_BIT_CONVERSION = YES;
				GCC_WARN_ABOUT_RETURN_TYPE = YES_ERROR;
				GCC_WARN_UNDECLARED_SELECTOR = YES;
				GCC_WARN_UNINITIALIZED_AUTOS = YES_AGGRESSIVE;
				GCC_WARN_UNUSED_FUNCTION = YES;
				INFOPLIST_FILE = TOWebViewControllerTests/Info.plist;
				IPHONEOS_DEPLOYMENT_TARGET = 8.3;
				LD_RUNPATH_SEARCH_PATHS = "$(inherited) @executable_path/Frameworks @loader_path/Frameworks";
				MTL_ENABLE_DEBUG_INFO = YES;
				PRODUCT_BUNDLE_IDENTIFIER = "com.timoliver.$(PRODUCT_NAME:rfc1034identifier)";
				PRODUCT_NAME = "$(TARGET_NAME)";
				TEST_HOST = "$(BUILT_PRODUCTS_DIR)/TOWVC-DefaultExample.app/TOWVC-DefaultExample";
			};
			name = Debug;
		};
		2282AEF01B2E473900BD92FC /* Release */ = {
			isa = XCBuildConfiguration;
			buildSettings = {
				BUNDLE_LOADER = "$(TEST_HOST)";
				CLANG_ENABLE_MODULES = YES;
				CLANG_WARN_BOOL_CONVERSION = YES;
				CLANG_WARN_DIRECT_OBJC_ISA_USAGE = YES_ERROR;
				CLANG_WARN_OBJC_ROOT_CLASS = YES_ERROR;
				CLANG_WARN_UNREACHABLE_CODE = YES;
				COPY_PHASE_STRIP = NO;
				DEBUG_INFORMATION_FORMAT = "dwarf-with-dsym";
				ENABLE_NS_ASSERTIONS = NO;
				ENABLE_STRICT_OBJC_MSGSEND = YES;
				GCC_NO_COMMON_BLOCKS = YES;
				GCC_WARN_64_TO_32_BIT_CONVERSION = YES;
				GCC_WARN_ABOUT_RETURN_TYPE = YES_ERROR;
				GCC_WARN_UNDECLARED_SELECTOR = YES;
				GCC_WARN_UNINITIALIZED_AUTOS = YES_AGGRESSIVE;
				GCC_WARN_UNUSED_FUNCTION = YES;
				INFOPLIST_FILE = TOWebViewControllerTests/Info.plist;
				IPHONEOS_DEPLOYMENT_TARGET = 8.3;
				LD_RUNPATH_SEARCH_PATHS = "$(inherited) @executable_path/Frameworks @loader_path/Frameworks";
				MTL_ENABLE_DEBUG_INFO = NO;
				PRODUCT_BUNDLE_IDENTIFIER = "com.timoliver.$(PRODUCT_NAME:rfc1034identifier)";
				PRODUCT_NAME = "$(TARGET_NAME)";
				TEST_HOST = "$(BUILT_PRODUCTS_DIR)/TOWVC-DefaultExample.app/TOWVC-DefaultExample";
			};
			name = Release;
		};
		2282E1E81C266D5600D53AB1 /* Debug */ = {
			isa = XCBuildConfiguration;
			buildSettings = {
				ASSETCATALOG_COMPILER_APPICON_NAME = AppIcon;
				ASSETCATALOG_COMPILER_LAUNCHIMAGE_NAME = LaunchImage;
				CODE_SIGN_IDENTITY = "iPhone Developer";
				"CODE_SIGN_IDENTITY[sdk=iphoneos*]" = "iPhone Developer";
				FRAMEWORK_SEARCH_PATHS = "$(inherited)";
				GCC_PRECOMPILE_PREFIX_HEADER = YES;
				GCC_PREFIX_HEADER = "Example/TOWebViewControllerExample-Prefix.pch";
				GCC_PREPROCESSOR_DEFINITIONS = (
					"TO_ONEPASSWORD_EXAMPLE=1",
					"DEBUG=1",
					"$(inherited)",
				);
				INFOPLIST_FILE = "TOWebViewController+1Password/OnePasswordExample-Info.plist";
				IPHONEOS_DEPLOYMENT_TARGET = 8.0;
				"OTHER_LDFLAGS[arch=*]" = "";
				PRODUCT_BUNDLE_IDENTIFIER = "com.timoliver.${PRODUCT_NAME:rfc1034identifier}";
				PRODUCT_NAME = "$(TARGET_NAME)";
				PROVISIONING_PROFILE = "";
				WRAPPER_EXTENSION = app;
			};
			name = Debug;
		};
		2282E1E91C266D5600D53AB1 /* Release */ = {
			isa = XCBuildConfiguration;
			buildSettings = {
				ASSETCATALOG_COMPILER_APPICON_NAME = AppIcon;
				ASSETCATALOG_COMPILER_LAUNCHIMAGE_NAME = LaunchImage;
				CODE_SIGN_IDENTITY = "iPhone Developer";
				"CODE_SIGN_IDENTITY[sdk=iphoneos*]" = "iPhone Developer";
				FRAMEWORK_SEARCH_PATHS = "$(inherited)";
				GCC_PRECOMPILE_PREFIX_HEADER = YES;
				GCC_PREFIX_HEADER = "Example/TOWebViewControllerExample-Prefix.pch";
				INFOPLIST_FILE = "TOWebViewController+1Password/OnePasswordExample-Info.plist";
				IPHONEOS_DEPLOYMENT_TARGET = 8.0;
				PRODUCT_BUNDLE_IDENTIFIER = "com.timoliver.${PRODUCT_NAME:rfc1034identifier}";
				PRODUCT_NAME = "$(TARGET_NAME)";
				PROVISIONING_PROFILE = "";
				WRAPPER_EXTENSION = app;
			};
			name = Release;
		};
		22834A611737B5A50043F7DF /* Debug */ = {
			isa = XCBuildConfiguration;
			buildSettings = {
				ALWAYS_SEARCH_USER_PATHS = NO;
				CLANG_CXX_LANGUAGE_STANDARD = "gnu++0x";
				CLANG_CXX_LIBRARY = "libc++";
				CLANG_ENABLE_OBJC_ARC = YES;
				CLANG_WARN_CONSTANT_CONVERSION = YES;
				CLANG_WARN_EMPTY_BODY = YES;
				CLANG_WARN_ENUM_CONVERSION = YES;
				CLANG_WARN_INT_CONVERSION = YES;
				CLANG_WARN__DUPLICATE_METHOD_MATCH = YES;
				"CODE_SIGN_IDENTITY[sdk=iphoneos*]" = "iPhone Developer";
				COPY_PHASE_STRIP = NO;
				ENABLE_BITCODE = NO;
				ENABLE_TESTABILITY = YES;
				GCC_C_LANGUAGE_STANDARD = gnu99;
				GCC_DYNAMIC_NO_PIC = NO;
				GCC_OPTIMIZATION_LEVEL = 0;
				GCC_PREPROCESSOR_DEFINITIONS = (
					"DEBUG=1",
					"$(inherited)",
				);
				GCC_SYMBOLS_PRIVATE_EXTERN = NO;
				GCC_WARN_ABOUT_RETURN_TYPE = YES;
				GCC_WARN_UNINITIALIZED_AUTOS = YES;
				GCC_WARN_UNUSED_VARIABLE = YES;
				IPHONEOS_DEPLOYMENT_TARGET = 5.0;
				ONLY_ACTIVE_ARCH = YES;
				SDKROOT = iphoneos;
				TARGETED_DEVICE_FAMILY = "1,2";
			};
			name = Debug;
		};
		22834A621737B5A50043F7DF /* Release */ = {
			isa = XCBuildConfiguration;
			buildSettings = {
				ALWAYS_SEARCH_USER_PATHS = NO;
				CLANG_CXX_LANGUAGE_STANDARD = "gnu++0x";
				CLANG_CXX_LIBRARY = "libc++";
				CLANG_ENABLE_OBJC_ARC = YES;
				CLANG_WARN_CONSTANT_CONVERSION = YES;
				CLANG_WARN_EMPTY_BODY = YES;
				CLANG_WARN_ENUM_CONVERSION = YES;
				CLANG_WARN_INT_CONVERSION = YES;
				CLANG_WARN__DUPLICATE_METHOD_MATCH = YES;
				"CODE_SIGN_IDENTITY[sdk=iphoneos*]" = "iPhone Developer";
				COPY_PHASE_STRIP = YES;
				ENABLE_BITCODE = NO;
				GCC_C_LANGUAGE_STANDARD = gnu99;
				GCC_WARN_ABOUT_RETURN_TYPE = YES;
				GCC_WARN_UNINITIALIZED_AUTOS = YES;
				GCC_WARN_UNUSED_VARIABLE = YES;
				IPHONEOS_DEPLOYMENT_TARGET = 5.0;
				OTHER_CFLAGS = "-DNS_BLOCK_ASSERTIONS=1";
				SDKROOT = iphoneos;
				TARGETED_DEVICE_FAMILY = "1,2";
				VALIDATE_PRODUCT = YES;
			};
			name = Release;
		};
		22834A641737B5A50043F7DF /* Debug */ = {
			isa = XCBuildConfiguration;
			buildSettings = {
				ASSETCATALOG_COMPILER_APPICON_NAME = AppIcon;
				ASSETCATALOG_COMPILER_LAUNCHIMAGE_NAME = LaunchImage;
				CODE_SIGN_IDENTITY = "iPhone Developer";
				"CODE_SIGN_IDENTITY[sdk=iphoneos*]" = "iPhone Developer";
				FRAMEWORK_SEARCH_PATHS = "$(inherited)";
				GCC_PRECOMPILE_PREFIX_HEADER = YES;
				GCC_PREFIX_HEADER = "Example/TOWebViewControllerExample-Prefix.pch";
				INFOPLIST_FILE = "$(SRCROOT)/Example/DefaultExample-Info.plist";
				IPHONEOS_DEPLOYMENT_TARGET = 5.1.1;
				"OTHER_LDFLAGS[arch=*]" = "";
				PRODUCT_BUNDLE_IDENTIFIER = "com.timoliver.${PRODUCT_NAME:rfc1034identifier}";
				PRODUCT_NAME = "$(TARGET_NAME)";
				PROVISIONING_PROFILE = "";
				WRAPPER_EXTENSION = app;
			};
			name = Debug;
		};
		22834A651737B5A50043F7DF /* Release */ = {
			isa = XCBuildConfiguration;
			buildSettings = {
				ASSETCATALOG_COMPILER_APPICON_NAME = AppIcon;
				ASSETCATALOG_COMPILER_LAUNCHIMAGE_NAME = LaunchImage;
				CODE_SIGN_IDENTITY = "iPhone Developer";
				"CODE_SIGN_IDENTITY[sdk=iphoneos*]" = "iPhone Developer";
				FRAMEWORK_SEARCH_PATHS = "$(inherited)";
				GCC_PRECOMPILE_PREFIX_HEADER = YES;
				GCC_PREFIX_HEADER = "Example/TOWebViewControllerExample-Prefix.pch";
				INFOPLIST_FILE = "$(SRCROOT)/Example/DefaultExample-Info.plist";
				IPHONEOS_DEPLOYMENT_TARGET = 5.1.1;
				PRODUCT_BUNDLE_IDENTIFIER = "com.timoliver.${PRODUCT_NAME:rfc1034identifier}";
				PRODUCT_NAME = "$(TARGET_NAME)";
				PROVISIONING_PROFILE = "";
				WRAPPER_EXTENSION = app;
			};
			name = Release;
		};
		D2A653D21C7E86FC00566F54 /* Debug */ = {
			isa = XCBuildConfiguration;
			buildSettings = {
				CLANG_ENABLE_MODULES = YES;
				CLANG_WARN_BOOL_CONVERSION = YES;
				CLANG_WARN_DIRECT_OBJC_ISA_USAGE = YES_ERROR;
				CLANG_WARN_OBJC_ROOT_CLASS = YES_ERROR;
				CLANG_WARN_UNREACHABLE_CODE = YES;
				CURRENT_PROJECT_VERSION = 1;
				DEBUG_INFORMATION_FORMAT = dwarf;
				DEFINES_MODULE = YES;
				DYLIB_COMPATIBILITY_VERSION = 1;
				DYLIB_CURRENT_VERSION = 1;
				DYLIB_INSTALL_NAME_BASE = "@rpath";
				ENABLE_BITCODE = YES;
				ENABLE_STRICT_OBJC_MSGSEND = YES;
				GCC_NO_COMMON_BLOCKS = YES;
				GCC_WARN_64_TO_32_BIT_CONVERSION = YES;
				GCC_WARN_ABOUT_RETURN_TYPE = YES_ERROR;
				GCC_WARN_UNDECLARED_SELECTOR = YES;
				GCC_WARN_UNINITIALIZED_AUTOS = YES_AGGRESSIVE;
				GCC_WARN_UNUSED_FUNCTION = YES;
				INFOPLIST_FILE = TOWebViewController/Info.plist;
				INSTALL_PATH = "$(LOCAL_LIBRARY_DIR)/Frameworks";
				IPHONEOS_DEPLOYMENT_TARGET = 9.2;
				LD_RUNPATH_SEARCH_PATHS = "$(inherited) @executable_path/Frameworks @loader_path/Frameworks";
				MTL_ENABLE_DEBUG_INFO = YES;
				PRODUCT_BUNDLE_IDENTIFIER = Carsales.com.au.TOWebViewController;
				PRODUCT_NAME = "$(TARGET_NAME)";
				SKIP_INSTALL = YES;
				SWIFT_OPTIMIZATION_LEVEL = "-Onone";
				VERSIONING_SYSTEM = "apple-generic";
				VERSION_INFO_PREFIX = "";
			};
			name = Debug;
		};
		D2A653D31C7E86FC00566F54 /* Release */ = {
			isa = XCBuildConfiguration;
			buildSettings = {
				CLANG_ENABLE_MODULES = YES;
				CLANG_WARN_BOOL_CONVERSION = YES;
				CLANG_WARN_DIRECT_OBJC_ISA_USAGE = YES_ERROR;
				CLANG_WARN_OBJC_ROOT_CLASS = YES_ERROR;
				CLANG_WARN_UNREACHABLE_CODE = YES;
				COPY_PHASE_STRIP = NO;
				CURRENT_PROJECT_VERSION = 1;
				DEBUG_INFORMATION_FORMAT = "dwarf-with-dsym";
				DEFINES_MODULE = YES;
				DYLIB_COMPATIBILITY_VERSION = 1;
				DYLIB_CURRENT_VERSION = 1;
				DYLIB_INSTALL_NAME_BASE = "@rpath";
				ENABLE_BITCODE = YES;
				ENABLE_NS_ASSERTIONS = NO;
				ENABLE_STRICT_OBJC_MSGSEND = YES;
				GCC_NO_COMMON_BLOCKS = YES;
				GCC_WARN_64_TO_32_BIT_CONVERSION = YES;
				GCC_WARN_ABOUT_RETURN_TYPE = YES_ERROR;
				GCC_WARN_UNDECLARED_SELECTOR = YES;
				GCC_WARN_UNINITIALIZED_AUTOS = YES_AGGRESSIVE;
				GCC_WARN_UNUSED_FUNCTION = YES;
				INFOPLIST_FILE = TOWebViewController/Info.plist;
				INSTALL_PATH = "$(LOCAL_LIBRARY_DIR)/Frameworks";
				IPHONEOS_DEPLOYMENT_TARGET = 9.2;
				LD_RUNPATH_SEARCH_PATHS = "$(inherited) @executable_path/Frameworks @loader_path/Frameworks";
				MTL_ENABLE_DEBUG_INFO = NO;
				PRODUCT_BUNDLE_IDENTIFIER = Carsales.com.au.TOWebViewController;
				PRODUCT_NAME = "$(TARGET_NAME)";
				SKIP_INSTALL = YES;
				VERSIONING_SYSTEM = "apple-generic";
				VERSION_INFO_PREFIX = "";
			};
			name = Release;
		};
/* End XCBuildConfiguration section */

/* Begin XCConfigurationList section */
		2282AEF11B2E473900BD92FC /* Build configuration list for PBXNativeTarget "TOWebViewControllerTests" */ = {
			isa = XCConfigurationList;
			buildConfigurations = (
				2282AEEF1B2E473900BD92FC /* Debug */,
				2282AEF01B2E473900BD92FC /* Release */,
			);
			defaultConfigurationIsVisible = 0;
			defaultConfigurationName = Release;
		};
		2282E1E71C266D5600D53AB1 /* Build configuration list for PBXNativeTarget "TOWVC-1PasswordExample" */ = {
			isa = XCConfigurationList;
			buildConfigurations = (
				2282E1E81C266D5600D53AB1 /* Debug */,
				2282E1E91C266D5600D53AB1 /* Release */,
			);
			defaultConfigurationIsVisible = 0;
			defaultConfigurationName = Release;
		};
		22834A381737B5A50043F7DF /* Build configuration list for PBXProject "TOWebViewControllerExample" */ = {
			isa = XCConfigurationList;
			buildConfigurations = (
				22834A611737B5A50043F7DF /* Debug */,
				22834A621737B5A50043F7DF /* Release */,
			);
			defaultConfigurationIsVisible = 0;
			defaultConfigurationName = Release;
		};
		22834A631737B5A50043F7DF /* Build configuration list for PBXNativeTarget "TOWVC-DefaultExample" */ = {
			isa = XCConfigurationList;
			buildConfigurations = (
				22834A641737B5A50043F7DF /* Debug */,
				22834A651737B5A50043F7DF /* Release */,
			);
			defaultConfigurationIsVisible = 0;
			defaultConfigurationName = Release;
		};
		D2A653D41C7E86FC00566F54 /* Build configuration list for PBXNativeTarget "TOWebViewController" */ = {
			isa = XCConfigurationList;
			buildConfigurations = (
				D2A653D21C7E86FC00566F54 /* Debug */,
				D2A653D31C7E86FC00566F54 /* Release */,
			);
			defaultConfigurationIsVisible = 0;
			defaultConfigurationName = Release;
		};
/* End XCConfigurationList section */
	};
	rootObject = 22834A351737B5A50043F7DF /* Project object */;
}
