// !$*UTF8*$!
{
	archiveVersion = 1;
	classes = {
	};
	objectVersion = 46;
	objects = {

/* Begin PBXBuildFile section */
		225014F91737B89100DF6D7E /* TOViewController_iPad.xib in Resources */ = {isa = PBXBuildFile; fileRef = 225014F51737B89100DF6D7E /* TOViewController_iPad.xib */; };
		225014FA1737B89100DF6D7E /* TOViewController_iPhone.xib in Resources */ = {isa = PBXBuildFile; fileRef = 225014F71737B89100DF6D7E /* TOViewController_iPhone.xib */; };
		225015031737B8B000DF6D7E /* InfoPlist.strings in Resources */ = {isa = PBXBuildFile; fileRef = 225015011737B8B000DF6D7E /* InfoPlist.strings */; };
		225A033D1737E9790086E75F /* QuartzCore.framework in Frameworks */ = {isa = PBXBuildFile; fileRef = 225A033C1737E9790086E75F /* QuartzCore.framework */; };
		225F48C817524EF900A3558A /* TOWebViewControllerActionIcon.png in Resources */ = {isa = PBXBuildFile; fileRef = 225F48AA17524EF900A3558A /* TOWebViewControllerActionIcon.png */; };
		225F48C917524EF900A3558A /* TOWebViewControllerActionIcon@2x.png in Resources */ = {isa = PBXBuildFile; fileRef = 225F48AB17524EF900A3558A /* TOWebViewControllerActionIcon@2x.png */; };
		225F48CA17524EF900A3558A /* TOWebViewControllerBackIcon.png in Resources */ = {isa = PBXBuildFile; fileRef = 225F48AC17524EF900A3558A /* TOWebViewControllerBackIcon.png */; };
		225F48CB17524EF900A3558A /* TOWebViewControllerBackIcon@2x.png in Resources */ = {isa = PBXBuildFile; fileRef = 225F48AD17524EF900A3558A /* TOWebViewControllerBackIcon@2x.png */; };
		225F48CC17524EF900A3558A /* TOWebViewControllerButtonBG.png in Resources */ = {isa = PBXBuildFile; fileRef = 225F48AE17524EF900A3558A /* TOWebViewControllerButtonBG.png */; };
		225F48CD17524EF900A3558A /* TOWebViewControllerButtonBG@2x.png in Resources */ = {isa = PBXBuildFile; fileRef = 225F48AF17524EF900A3558A /* TOWebViewControllerButtonBG@2x.png */; };
		225F48CE17524EF900A3558A /* TOWebViewControllerButtonBGPressed.png in Resources */ = {isa = PBXBuildFile; fileRef = 225F48B017524EF900A3558A /* TOWebViewControllerButtonBGPressed.png */; };
		225F48CF17524EF900A3558A /* TOWebViewControllerButtonBGPressed@2x.png in Resources */ = {isa = PBXBuildFile; fileRef = 225F48B117524EF900A3558A /* TOWebViewControllerButtonBGPressed@2x.png */; };
		225F48D017524EF900A3558A /* TOWebViewControllerForwardIcon.png in Resources */ = {isa = PBXBuildFile; fileRef = 225F48B217524EF900A3558A /* TOWebViewControllerForwardIcon.png */; };
		225F48D117524EF900A3558A /* TOWebViewControllerForwardIcon@2x.png in Resources */ = {isa = PBXBuildFile; fileRef = 225F48B317524EF900A3558A /* TOWebViewControllerForwardIcon@2x.png */; };
		225F48D217524EF900A3558A /* TOWebViewControllerIconPressedBG.png in Resources */ = {isa = PBXBuildFile; fileRef = 225F48B417524EF900A3558A /* TOWebViewControllerIconPressedBG.png */; };
		225F48D317524EF900A3558A /* TOWebViewControllerIconPressedBG@2x.png in Resources */ = {isa = PBXBuildFile; fileRef = 225F48B517524EF900A3558A /* TOWebViewControllerIconPressedBG@2x.png */; };
		225F48D417524EF900A3558A /* TOWebViewControllerNavigationBarBG.png in Resources */ = {isa = PBXBuildFile; fileRef = 225F48B617524EF900A3558A /* TOWebViewControllerNavigationBarBG.png */; };
		225F48D517524EF900A3558A /* TOWebViewControllerNavigationBarBG@2x.png in Resources */ = {isa = PBXBuildFile; fileRef = 225F48B717524EF900A3558A /* TOWebViewControllerNavigationBarBG@2x.png */; };
		225F48DA17524EF900A3558A /* TOWebViewControllerPopupArrowTop.png in Resources */ = {isa = PBXBuildFile; fileRef = 225F48BC17524EF900A3558A /* TOWebViewControllerPopupArrowTop.png */; };
		225F48DB17524EF900A3558A /* TOWebViewControllerPopupArrowTop@2x.png in Resources */ = {isa = PBXBuildFile; fileRef = 225F48BD17524EF900A3558A /* TOWebViewControllerPopupArrowTop@2x.png */; };
		225F48DC17524EF900A3558A /* TOWebViewControllerPopupButtonBG.png in Resources */ = {isa = PBXBuildFile; fileRef = 225F48BE17524EF900A3558A /* TOWebViewControllerPopupButtonBG.png */; };
		225F48DD17524EF900A3558A /* TOWebViewControllerPopupButtonBG@2x.png in Resources */ = {isa = PBXBuildFile; fileRef = 225F48BF17524EF900A3558A /* TOWebViewControllerPopupButtonBG@2x.png */; };
		225F48DE17524EF900A3558A /* TOWebViewControllerPopupButtonPressedBG.png in Resources */ = {isa = PBXBuildFile; fileRef = 225F48C017524EF900A3558A /* TOWebViewControllerPopupButtonPressedBG.png */; };
		225F48DF17524EF900A3558A /* TOWebViewControllerPopupButtonPressedBG@2x.png in Resources */ = {isa = PBXBuildFile; fileRef = 225F48C117524EF900A3558A /* TOWebViewControllerPopupButtonPressedBG@2x.png */; };
		225F48E017524EF900A3558A /* TOWebViewControllerPopupViewBG.png in Resources */ = {isa = PBXBuildFile; fileRef = 225F48C217524EF900A3558A /* TOWebViewControllerPopupViewBG.png */; };
		225F48E117524EF900A3558A /* TOWebViewControllerPopupViewBG@2x.png in Resources */ = {isa = PBXBuildFile; fileRef = 225F48C317524EF900A3558A /* TOWebViewControllerPopupViewBG@2x.png */; };
		225F48E217524EF900A3558A /* TOWebViewControllerRefreshIcon.png in Resources */ = {isa = PBXBuildFile; fileRef = 225F48C417524EF900A3558A /* TOWebViewControllerRefreshIcon.png */; };
		225F48E317524EF900A3558A /* TOWebViewControllerRefreshIcon@2x.png in Resources */ = {isa = PBXBuildFile; fileRef = 225F48C517524EF900A3558A /* TOWebViewControllerRefreshIcon@2x.png */; };
		225F48E417524EF900A3558A /* TOWebViewControllerStopIcon.png in Resources */ = {isa = PBXBuildFile; fileRef = 225F48C617524EF900A3558A /* TOWebViewControllerStopIcon.png */; };
		225F48E517524EF900A3558A /* TOWebViewControllerStopIcon@2x.png in Resources */ = {isa = PBXBuildFile; fileRef = 225F48C717524EF900A3558A /* TOWebViewControllerStopIcon@2x.png */; };
		225F48E717525CC100A3558A /* MessageUI.framework in Frameworks */ = {isa = PBXBuildFile; fileRef = 225F48E617525CC100A3558A /* MessageUI.framework */; };
		225F48E917525E8600A3558A /* Twitter.framework in Frameworks */ = {isa = PBXBuildFile; fileRef = 225F48E817525E8600A3558A /* Twitter.framework */; };
		2265F357173FF4CD00A68010 /* Default-568h@2x.png in Resources */ = {isa = PBXBuildFile; fileRef = 2265F356173FF4CD00A68010 /* Default-568h@2x.png */; };
		227C55F71750F1F500FC3411 /* TOWebViewController.m in Sources */ = {isa = PBXBuildFile; fileRef = 228456D41750DE9100468FF4 /* TOWebViewController.m */; };
		227C55F81750F1F700FC3411 /* TOWebViewControllerPopoverView.m in Sources */ = {isa = PBXBuildFile; fileRef = 228456D61750DE9100468FF4 /* TOWebViewControllerPopoverView.m */; };
		227C55F91750F1F800FC3411 /* TOAppDelegate.m in Sources */ = {isa = PBXBuildFile; fileRef = 225014F21737B87600DF6D7E /* TOAppDelegate.m */; };
		227C55FA1750F1F900FC3411 /* TOViewController.m in Sources */ = {isa = PBXBuildFile; fileRef = 225014F41737B87600DF6D7E /* TOViewController.m */; };
		227C55FB1750F20700FC3411 /* main.m in Sources */ = {isa = PBXBuildFile; fileRef = 225014FE1737B8A200DF6D7E /* main.m */; };
		22834A411737B5A50043F7DF /* UIKit.framework in Frameworks */ = {isa = PBXBuildFile; fileRef = 22834A401737B5A50043F7DF /* UIKit.framework */; };
		22834A431737B5A50043F7DF /* Foundation.framework in Frameworks */ = {isa = PBXBuildFile; fileRef = 22834A421737B5A50043F7DF /* Foundation.framework */; };
		22834A451737B5A50043F7DF /* CoreGraphics.framework in Frameworks */ = {isa = PBXBuildFile; fileRef = 22834A441737B5A50043F7DF /* CoreGraphics.framework */; };
/* End PBXBuildFile section */

/* Begin PBXFileReference section */
		225014F11737B87600DF6D7E /* TOAppDelegate.h */ = {isa = PBXFileReference; lastKnownFileType = sourcecode.c.h; name = TOAppDelegate.h; path = Example/TOAppDelegate.h; sourceTree = SOURCE_ROOT; };
		225014F21737B87600DF6D7E /* TOAppDelegate.m */ = {isa = PBXFileReference; lastKnownFileType = sourcecode.c.objc; name = TOAppDelegate.m; path = Example/TOAppDelegate.m; sourceTree = SOURCE_ROOT; };
		225014F31737B87600DF6D7E /* TOViewController.h */ = {isa = PBXFileReference; lastKnownFileType = sourcecode.c.h; name = TOViewController.h; path = Example/TOViewController.h; sourceTree = SOURCE_ROOT; };
		225014F41737B87600DF6D7E /* TOViewController.m */ = {isa = PBXFileReference; lastKnownFileType = sourcecode.c.objc; name = TOViewController.m; path = Example/TOViewController.m; sourceTree = SOURCE_ROOT; };
		225014F61737B89100DF6D7E /* en */ = {isa = PBXFileReference; lastKnownFileType = file.xib; name = en; path = Example/en.lproj/TOViewController_iPad.xib; sourceTree = SOURCE_ROOT; };
		225014F81737B89100DF6D7E /* en */ = {isa = PBXFileReference; lastKnownFileType = file.xib; name = en; path = Example/en.lproj/TOViewController_iPhone.xib; sourceTree = SOURCE_ROOT; };
		225014FC1737B8A200DF6D7E /* Default.png */ = {isa = PBXFileReference; lastKnownFileType = image.png; name = Default.png; path = Example/Default.png; sourceTree = SOURCE_ROOT; };
		225014FD1737B8A200DF6D7E /* Default@2x.png */ = {isa = PBXFileReference; lastKnownFileType = image.png; name = "Default@2x.png"; path = "Example/Default@2x.png"; sourceTree = SOURCE_ROOT; };
		225014FE1737B8A200DF6D7E /* main.m */ = {isa = PBXFileReference; lastKnownFileType = sourcecode.c.objc; name = main.m; path = Example/main.m; sourceTree = SOURCE_ROOT; };
		225014FF1737B8A200DF6D7E /* TOWebViewControllerExample-Info.plist */ = {isa = PBXFileReference; lastKnownFileType = text.plist.xml; name = "TOWebViewControllerExample-Info.plist"; path = "Example/TOWebViewControllerExample-Info.plist"; sourceTree = SOURCE_ROOT; };
		225015001737B8A200DF6D7E /* TOWebViewControllerExample-Prefix.pch */ = {isa = PBXFileReference; lastKnownFileType = sourcecode.c.h; name = "TOWebViewControllerExample-Prefix.pch"; path = "Example/TOWebViewControllerExample-Prefix.pch"; sourceTree = SOURCE_ROOT; };
		225015021737B8B000DF6D7E /* en */ = {isa = PBXFileReference; lastKnownFileType = text.plist.strings; name = en; path = Example/en.lproj/InfoPlist.strings; sourceTree = SOURCE_ROOT; };
		225A033C1737E9790086E75F /* QuartzCore.framework */ = {isa = PBXFileReference; lastKnownFileType = wrapper.framework; name = QuartzCore.framework; path = System/Library/Frameworks/QuartzCore.framework; sourceTree = SDKROOT; };
		225F48AA17524EF900A3558A /* TOWebViewControllerActionIcon.png */ = {isa = PBXFileReference; lastKnownFileType = image.png; path = TOWebViewControllerActionIcon.png; sourceTree = "<group>"; };
		225F48AB17524EF900A3558A /* TOWebViewControllerActionIcon@2x.png */ = {isa = PBXFileReference; lastKnownFileType = image.png; path = "TOWebViewControllerActionIcon@2x.png"; sourceTree = "<group>"; };
		225F48AC17524EF900A3558A /* TOWebViewControllerBackIcon.png */ = {isa = PBXFileReference; lastKnownFileType = image.png; path = TOWebViewControllerBackIcon.png; sourceTree = "<group>"; };
		225F48AD17524EF900A3558A /* TOWebViewControllerBackIcon@2x.png */ = {isa = PBXFileReference; lastKnownFileType = image.png; path = "TOWebViewControllerBackIcon@2x.png"; sourceTree = "<group>"; };
		225F48AE17524EF900A3558A /* TOWebViewControllerButtonBG.png */ = {isa = PBXFileReference; lastKnownFileType = image.png; path = TOWebViewControllerButtonBG.png; sourceTree = "<group>"; };
		225F48AF17524EF900A3558A /* TOWebViewControllerButtonBG@2x.png */ = {isa = PBXFileReference; lastKnownFileType = image.png; path = "TOWebViewControllerButtonBG@2x.png"; sourceTree = "<group>"; };
		225F48B017524EF900A3558A /* TOWebViewControllerButtonBGPressed.png */ = {isa = PBXFileReference; lastKnownFileType = image.png; path = TOWebViewControllerButtonBGPressed.png; sourceTree = "<group>"; };
		225F48B117524EF900A3558A /* TOWebViewControllerButtonBGPressed@2x.png */ = {isa = PBXFileReference; lastKnownFileType = image.png; path = "TOWebViewControllerButtonBGPressed@2x.png"; sourceTree = "<group>"; };
		225F48B217524EF900A3558A /* TOWebViewControllerForwardIcon.png */ = {isa = PBXFileReference; lastKnownFileType = image.png; path = TOWebViewControllerForwardIcon.png; sourceTree = "<group>"; };
		225F48B317524EF900A3558A /* TOWebViewControllerForwardIcon@2x.png */ = {isa = PBXFileReference; lastKnownFileType = image.png; path = "TOWebViewControllerForwardIcon@2x.png"; sourceTree = "<group>"; };
		225F48B417524EF900A3558A /* TOWebViewControllerIconPressedBG.png */ = {isa = PBXFileReference; lastKnownFileType = image.png; path = TOWebViewControllerIconPressedBG.png; sourceTree = "<group>"; };
		225F48B517524EF900A3558A /* TOWebViewControllerIconPressedBG@2x.png */ = {isa = PBXFileReference; lastKnownFileType = image.png; path = "TOWebViewControllerIconPressedBG@2x.png"; sourceTree = "<group>"; };
		225F48B617524EF900A3558A /* TOWebViewControllerNavigationBarBG.png */ = {isa = PBXFileReference; lastKnownFileType = image.png; path = TOWebViewControllerNavigationBarBG.png; sourceTree = "<group>"; };
		225F48B717524EF900A3558A /* TOWebViewControllerNavigationBarBG@2x.png */ = {isa = PBXFileReference; lastKnownFileType = image.png; path = "TOWebViewControllerNavigationBarBG@2x.png"; sourceTree = "<group>"; };
		225F48BC17524EF900A3558A /* TOWebViewControllerPopupArrowTop.png */ = {isa = PBXFileReference; lastKnownFileType = image.png; path = TOWebViewControllerPopupArrowTop.png; sourceTree = "<group>"; };
		225F48BD17524EF900A3558A /* TOWebViewControllerPopupArrowTop@2x.png */ = {isa = PBXFileReference; lastKnownFileType = image.png; path = "TOWebViewControllerPopupArrowTop@2x.png"; sourceTree = "<group>"; };
		225F48BE17524EF900A3558A /* TOWebViewControllerPopupButtonBG.png */ = {isa = PBXFileReference; lastKnownFileType = image.png; path = TOWebViewControllerPopupButtonBG.png; sourceTree = "<group>"; };
		225F48BF17524EF900A3558A /* TOWebViewControllerPopupButtonBG@2x.png */ = {isa = PBXFileReference; lastKnownFileType = image.png; path = "TOWebViewControllerPopupButtonBG@2x.png"; sourceTree = "<group>"; };
		225F48C017524EF900A3558A /* TOWebViewControllerPopupButtonPressedBG.png */ = {isa = PBXFileReference; lastKnownFileType = image.png; path = TOWebViewControllerPopupButtonPressedBG.png; sourceTree = "<group>"; };
		225F48C117524EF900A3558A /* TOWebViewControllerPopupButtonPressedBG@2x.png */ = {isa = PBXFileReference; lastKnownFileType = image.png; path = "TOWebViewControllerPopupButtonPressedBG@2x.png"; sourceTree = "<group>"; };
		225F48C217524EF900A3558A /* TOWebViewControllerPopupViewBG.png */ = {isa = PBXFileReference; lastKnownFileType = image.png; path = TOWebViewControllerPopupViewBG.png; sourceTree = "<group>"; };
		225F48C317524EF900A3558A /* TOWebViewControllerPopupViewBG@2x.png */ = {isa = PBXFileReference; lastKnownFileType = image.png; path = "TOWebViewControllerPopupViewBG@2x.png"; sourceTree = "<group>"; };
		225F48C417524EF900A3558A /* TOWebViewControllerRefreshIcon.png */ = {isa = PBXFileReference; lastKnownFileType = image.png; path = TOWebViewControllerRefreshIcon.png; sourceTree = "<group>"; };
		225F48C517524EF900A3558A /* TOWebViewControllerRefreshIcon@2x.png */ = {isa = PBXFileReference; lastKnownFileType = image.png; path = "TOWebViewControllerRefreshIcon@2x.png"; sourceTree = "<group>"; };
		225F48C617524EF900A3558A /* TOWebViewControllerStopIcon.png */ = {isa = PBXFileReference; lastKnownFileType = image.png; path = TOWebViewControllerStopIcon.png; sourceTree = "<group>"; };
		225F48C717524EF900A3558A /* TOWebViewControllerStopIcon@2x.png */ = {isa = PBXFileReference; lastKnownFileType = image.png; path = "TOWebViewControllerStopIcon@2x.png"; sourceTree = "<group>"; };
		225F48E617525CC100A3558A /* MessageUI.framework */ = {isa = PBXFileReference; lastKnownFileType = wrapper.framework; name = MessageUI.framework; path = System/Library/Frameworks/MessageUI.framework; sourceTree = SDKROOT; };
		225F48E817525E8600A3558A /* Twitter.framework */ = {isa = PBXFileReference; lastKnownFileType = wrapper.framework; name = Twitter.framework; path = System/Library/Frameworks/Twitter.framework; sourceTree = SDKROOT; };
		2265F356173FF4CD00A68010 /* Default-568h@2x.png */ = {isa = PBXFileReference; lastKnownFileType = image.png; name = "Default-568h@2x.png"; path = "Example/Default-568h@2x.png"; sourceTree = SOURCE_ROOT; };
		22834A3D1737B5A50043F7DF /* TOWebViewControllerExample.app */ = {isa = PBXFileReference; explicitFileType = wrapper.application; includeInIndex = 0; path = TOWebViewControllerExample.app; sourceTree = BUILT_PRODUCTS_DIR; };
		22834A401737B5A50043F7DF /* UIKit.framework */ = {isa = PBXFileReference; lastKnownFileType = wrapper.framework; name = UIKit.framework; path = System/Library/Frameworks/UIKit.framework; sourceTree = SDKROOT; };
		22834A421737B5A50043F7DF /* Foundation.framework */ = {isa = PBXFileReference; lastKnownFileType = wrapper.framework; name = Foundation.framework; path = System/Library/Frameworks/Foundation.framework; sourceTree = SDKROOT; };
		22834A441737B5A50043F7DF /* CoreGraphics.framework */ = {isa = PBXFileReference; lastKnownFileType = wrapper.framework; name = CoreGraphics.framework; path = System/Library/Frameworks/CoreGraphics.framework; sourceTree = SDKROOT; };
		228456D31750DE9100468FF4 /* TOWebViewController.h */ = {isa = PBXFileReference; lastKnownFileType = sourcecode.c.h; name = TOWebViewController.h; path = TOWebViewController/TOWebViewController.h; sourceTree = SOURCE_ROOT; };
		228456D41750DE9100468FF4 /* TOWebViewController.m */ = {isa = PBXFileReference; lastKnownFileType = sourcecode.c.objc; name = TOWebViewController.m; path = TOWebViewController/TOWebViewController.m; sourceTree = SOURCE_ROOT; };
		228456D51750DE9100468FF4 /* TOWebViewControllerPopoverView.h */ = {isa = PBXFileReference; lastKnownFileType = sourcecode.c.h; name = TOWebViewControllerPopoverView.h; path = TOWebViewController/TOWebViewControllerPopoverView.h; sourceTree = SOURCE_ROOT; };
		228456D61750DE9100468FF4 /* TOWebViewControllerPopoverView.m */ = {isa = PBXFileReference; lastKnownFileType = sourcecode.c.objc; name = TOWebViewControllerPopoverView.m; path = TOWebViewController/TOWebViewControllerPopoverView.m; sourceTree = SOURCE_ROOT; };
/* End PBXFileReference section */

/* Begin PBXFrameworksBuildPhase section */
		22834A3A1737B5A50043F7DF /* Frameworks */ = {
			isa = PBXFrameworksBuildPhase;
			buildActionMask = 2147483647;
			files = (
				225F48E917525E8600A3558A /* Twitter.framework in Frameworks */,
				225F48E717525CC100A3558A /* MessageUI.framework in Frameworks */,
				225A033D1737E9790086E75F /* QuartzCore.framework in Frameworks */,
				22834A411737B5A50043F7DF /* UIKit.framework in Frameworks */,
				22834A431737B5A50043F7DF /* Foundation.framework in Frameworks */,
				22834A451737B5A50043F7DF /* CoreGraphics.framework in Frameworks */,
			);
			runOnlyForDeploymentPostprocessing = 0;
		};
/* End PBXFrameworksBuildPhase section */

/* Begin PBXGroup section */
		22834A341737B5A50043F7DF = {
			isa = PBXGroup;
			children = (
				22834A461737B5A50043F7DF /* TOWebViewControllerExample */,
				22834A3F1737B5A50043F7DF /* Frameworks */,
				22834A3E1737B5A50043F7DF /* Products */,
			);
			sourceTree = "<group>";
		};
		22834A3E1737B5A50043F7DF /* Products */ = {
			isa = PBXGroup;
			children = (
				22834A3D1737B5A50043F7DF /* TOWebViewControllerExample.app */,
			);
			name = Products;
			sourceTree = "<group>";
		};
		22834A3F1737B5A50043F7DF /* Frameworks */ = {
			isa = PBXGroup;
			children = (
				225F48E817525E8600A3558A /* Twitter.framework */,
				225F48E617525CC100A3558A /* MessageUI.framework */,
				225A033C1737E9790086E75F /* QuartzCore.framework */,
				22834A401737B5A50043F7DF /* UIKit.framework */,
				22834A421737B5A50043F7DF /* Foundation.framework */,
				22834A441737B5A50043F7DF /* CoreGraphics.framework */,
			);
			name = Frameworks;
			sourceTree = "<group>";
		};
		22834A461737B5A50043F7DF /* TOWebViewControllerExample */ = {
			isa = PBXGroup;
			children = (
				2288A4BD1737BB3B005A7F22 /* TOWebViewController */,
				225014F11737B87600DF6D7E /* TOAppDelegate.h */,
				225014F21737B87600DF6D7E /* TOAppDelegate.m */,
				225014F31737B87600DF6D7E /* TOViewController.h */,
				225014F41737B87600DF6D7E /* TOViewController.m */,
				225014F51737B89100DF6D7E /* TOViewController_iPad.xib */,
				225014F71737B89100DF6D7E /* TOViewController_iPhone.xib */,
				22834A471737B5A50043F7DF /* Supporting Files */,
			);
			path = TOWebViewControllerExample;
			sourceTree = "<group>";
		};
		22834A471737B5A50043F7DF /* Supporting Files */ = {
			isa = PBXGroup;
			children = (
				2265F356173FF4CD00A68010 /* Default-568h@2x.png */,
				225014FC1737B8A200DF6D7E /* Default.png */,
				225014FD1737B8A200DF6D7E /* Default@2x.png */,
				225015011737B8B000DF6D7E /* InfoPlist.strings */,
				225014FE1737B8A200DF6D7E /* main.m */,
				225014FF1737B8A200DF6D7E /* TOWebViewControllerExample-Info.plist */,
				225015001737B8A200DF6D7E /* TOWebViewControllerExample-Prefix.pch */,
			);
			name = "Supporting Files";
			sourceTree = "<group>";
		};
		228456B81750DE9100468FF4 /* Resources */ = {
			isa = PBXGroup;
			children = (
				225F48AA17524EF900A3558A /* TOWebViewControllerActionIcon.png */,
				225F48AB17524EF900A3558A /* TOWebViewControllerActionIcon@2x.png */,
				225F48AC17524EF900A3558A /* TOWebViewControllerBackIcon.png */,
				225F48AD17524EF900A3558A /* TOWebViewControllerBackIcon@2x.png */,
				225F48AE17524EF900A3558A /* TOWebViewControllerButtonBG.png */,
				225F48AF17524EF900A3558A /* TOWebViewControllerButtonBG@2x.png */,
				225F48B017524EF900A3558A /* TOWebViewControllerButtonBGPressed.png */,
				225F48B117524EF900A3558A /* TOWebViewControllerButtonBGPressed@2x.png */,
				225F48B217524EF900A3558A /* TOWebViewControllerForwardIcon.png */,
				225F48B317524EF900A3558A /* TOWebViewControllerForwardIcon@2x.png */,
				225F48B417524EF900A3558A /* TOWebViewControllerIconPressedBG.png */,
				225F48B517524EF900A3558A /* TOWebViewControllerIconPressedBG@2x.png */,
				225F48B617524EF900A3558A /* TOWebViewControllerNavigationBarBG.png */,
				225F48B717524EF900A3558A /* TOWebViewControllerNavigationBarBG@2x.png */,
				225F48BC17524EF900A3558A /* TOWebViewControllerPopupArrowTop.png */,
				225F48BD17524EF900A3558A /* TOWebViewControllerPopupArrowTop@2x.png */,
				225F48BE17524EF900A3558A /* TOWebViewControllerPopupButtonBG.png */,
				225F48BF17524EF900A3558A /* TOWebViewControllerPopupButtonBG@2x.png */,
				225F48C017524EF900A3558A /* TOWebViewControllerPopupButtonPressedBG.png */,
				225F48C117524EF900A3558A /* TOWebViewControllerPopupButtonPressedBG@2x.png */,
				225F48C217524EF900A3558A /* TOWebViewControllerPopupViewBG.png */,
				225F48C317524EF900A3558A /* TOWebViewControllerPopupViewBG@2x.png */,
				225F48C417524EF900A3558A /* TOWebViewControllerRefreshIcon.png */,
				225F48C517524EF900A3558A /* TOWebViewControllerRefreshIcon@2x.png */,
				225F48C617524EF900A3558A /* TOWebViewControllerStopIcon.png */,
				225F48C717524EF900A3558A /* TOWebViewControllerStopIcon@2x.png */,
			);
			name = Resources;
			path = TOWebViewController/Resources;
			sourceTree = SOURCE_ROOT;
		};
		2288A4BD1737BB3B005A7F22 /* TOWebViewController */ = {
			isa = PBXGroup;
			children = (
				228456B81750DE9100468FF4 /* Resources */,
				228456D31750DE9100468FF4 /* TOWebViewController.h */,
				228456D41750DE9100468FF4 /* TOWebViewController.m */,
				228456D51750DE9100468FF4 /* TOWebViewControllerPopoverView.h */,
				228456D61750DE9100468FF4 /* TOWebViewControllerPopoverView.m */,
			);
			path = TOWebViewController;
			sourceTree = SOURCE_ROOT;
		};
/* End PBXGroup section */

/* Begin PBXNativeTarget section */
		22834A3C1737B5A50043F7DF /* TOWebViewControllerExample */ = {
			isa = PBXNativeTarget;
			buildConfigurationList = 22834A631737B5A50043F7DF /* Build configuration list for PBXNativeTarget "TOWebViewControllerExample" */;
			buildPhases = (
				22834A391737B5A50043F7DF /* Sources */,
				22834A3A1737B5A50043F7DF /* Frameworks */,
				22834A3B1737B5A50043F7DF /* Resources */,
			);
			buildRules = (
			);
			dependencies = (
			);
			name = TOWebViewControllerExample;
			productName = TOWebViewControllerExample;
			productReference = 22834A3D1737B5A50043F7DF /* TOWebViewControllerExample.app */;
			productType = "com.apple.product-type.application";
		};
/* End PBXNativeTarget section */

/* Begin PBXProject section */
		22834A351737B5A50043F7DF /* Project object */ = {
			isa = PBXProject;
			attributes = {
				CLASSPREFIX = TO;
				LastUpgradeCheck = 0460;
				ORGANIZATIONNAME = "Tim Oliver";
			};
			buildConfigurationList = 22834A381737B5A50043F7DF /* Build configuration list for PBXProject "TOWebViewControllerExample" */;
			compatibilityVersion = "Xcode 3.2";
			developmentRegion = English;
			hasScannedForEncodings = 0;
			knownRegions = (
				en,
			);
			mainGroup = 22834A341737B5A50043F7DF;
			productRefGroup = 22834A3E1737B5A50043F7DF /* Products */;
			projectDirPath = "";
			projectRoot = "";
			targets = (
				22834A3C1737B5A50043F7DF /* TOWebViewControllerExample */,
			);
		};
/* End PBXProject section */

/* Begin PBXResourcesBuildPhase section */
		22834A3B1737B5A50043F7DF /* Resources */ = {
			isa = PBXResourcesBuildPhase;
			buildActionMask = 2147483647;
			files = (
				225014F91737B89100DF6D7E /* TOViewController_iPad.xib in Resources */,
				225014FA1737B89100DF6D7E /* TOViewController_iPhone.xib in Resources */,
				225015031737B8B000DF6D7E /* InfoPlist.strings in Resources */,
				2265F357173FF4CD00A68010 /* Default-568h@2x.png in Resources */,
				225F48C817524EF900A3558A /* TOWebViewControllerActionIcon.png in Resources */,
				225F48C917524EF900A3558A /* TOWebViewControllerActionIcon@2x.png in Resources */,
				225F48CA17524EF900A3558A /* TOWebViewControllerBackIcon.png in Resources */,
				225F48CB17524EF900A3558A /* TOWebViewControllerBackIcon@2x.png in Resources */,
				225F48CC17524EF900A3558A /* TOWebViewControllerButtonBG.png in Resources */,
				225F48CD17524EF900A3558A /* TOWebViewControllerButtonBG@2x.png in Resources */,
				225F48CE17524EF900A3558A /* TOWebViewControllerButtonBGPressed.png in Resources */,
				225F48CF17524EF900A3558A /* TOWebViewControllerButtonBGPressed@2x.png in Resources */,
				225F48D017524EF900A3558A /* TOWebViewControllerForwardIcon.png in Resources */,
				225F48D117524EF900A3558A /* TOWebViewControllerForwardIcon@2x.png in Resources */,
				225F48D217524EF900A3558A /* TOWebViewControllerIconPressedBG.png in Resources */,
				225F48D317524EF900A3558A /* TOWebViewControllerIconPressedBG@2x.png in Resources */,
				225F48D417524EF900A3558A /* TOWebViewControllerNavigationBarBG.png in Resources */,
				225F48D517524EF900A3558A /* TOWebViewControllerNavigationBarBG@2x.png in Resources */,
				225F48DA17524EF900A3558A /* TOWebViewControllerPopupArrowTop.png in Resources */,
				225F48DB17524EF900A3558A /* TOWebViewControllerPopupArrowTop@2x.png in Resources */,
				225F48DC17524EF900A3558A /* TOWebViewControllerPopupButtonBG.png in Resources */,
				225F48DD17524EF900A3558A /* TOWebViewControllerPopupButtonBG@2x.png in Resources */,
				225F48DE17524EF900A3558A /* TOWebViewControllerPopupButtonPressedBG.png in Resources */,
				225F48DF17524EF900A3558A /* TOWebViewControllerPopupButtonPressedBG@2x.png in Resources */,
				225F48E017524EF900A3558A /* TOWebViewControllerPopupViewBG.png in Resources */,
				225F48E117524EF900A3558A /* TOWebViewControllerPopupViewBG@2x.png in Resources */,
				225F48E217524EF900A3558A /* TOWebViewControllerRefreshIcon.png in Resources */,
				225F48E317524EF900A3558A /* TOWebViewControllerRefreshIcon@2x.png in Resources */,
				225F48E417524EF900A3558A /* TOWebViewControllerStopIcon.png in Resources */,
				225F48E517524EF900A3558A /* TOWebViewControllerStopIcon@2x.png in Resources */,
			);
			runOnlyForDeploymentPostprocessing = 0;
		};
/* End PBXResourcesBuildPhase section */

/* Begin PBXSourcesBuildPhase section */
		22834A391737B5A50043F7DF /* Sources */ = {
			isa = PBXSourcesBuildPhase;
			buildActionMask = 2147483647;
			files = (
				227C55F71750F1F500FC3411 /* TOWebViewController.m in Sources */,
				227C55F81750F1F700FC3411 /* TOWebViewControllerPopoverView.m in Sources */,
				227C55FA1750F1F900FC3411 /* TOViewController.m in Sources */,
				227C55F91750F1F800FC3411 /* TOAppDelegate.m in Sources */,
				227C55FB1750F20700FC3411 /* main.m in Sources */,
			);
			runOnlyForDeploymentPostprocessing = 0;
		};
/* End PBXSourcesBuildPhase section */

/* Begin PBXVariantGroup section */
		225014F51737B89100DF6D7E /* TOViewController_iPad.xib */ = {
			isa = PBXVariantGroup;
			children = (
				225014F61737B89100DF6D7E /* en */,
			);
			name = TOViewController_iPad.xib;
			sourceTree = "<group>";
		};
		225014F71737B89100DF6D7E /* TOViewController_iPhone.xib */ = {
			isa = PBXVariantGroup;
			children = (
				225014F81737B89100DF6D7E /* en */,
			);
			name = TOViewController_iPhone.xib;
			sourceTree = "<group>";
		};
		225015011737B8B000DF6D7E /* InfoPlist.strings */ = {
			isa = PBXVariantGroup;
			children = (
				225015021737B8B000DF6D7E /* en */,
			);
			name = InfoPlist.strings;
			sourceTree = "<group>";
		};
/* End PBXVariantGroup section */

/* Begin XCBuildConfiguration section */
		22834A611737B5A50043F7DF /* Debug */ = {
			isa = XCBuildConfiguration;
			buildSettings = {
				ALWAYS_SEARCH_USER_PATHS = NO;
				CLANG_CXX_LANGUAGE_STANDARD = "gnu++0x";
				CLANG_CXX_LIBRARY = "libc++";
				CLANG_ENABLE_OBJC_ARC = YES;
				CLANG_WARN_CONSTANT_CONVERSION = YES;
				CLANG_WARN_EMPTY_BODY = YES;
				CLANG_WARN_ENUM_CONVERSION = YES;
				CLANG_WARN_INT_CONVERSION = YES;
				CLANG_WARN__DUPLICATE_METHOD_MATCH = YES;
				"CODE_SIGN_IDENTITY[sdk=iphoneos*]" = "iPhone Developer";
				COPY_PHASE_STRIP = NO;
				GCC_C_LANGUAGE_STANDARD = gnu99;
				GCC_DYNAMIC_NO_PIC = NO;
				GCC_OPTIMIZATION_LEVEL = 0;
				GCC_PREPROCESSOR_DEFINITIONS = (
					"DEBUG=1",
					"$(inherited)",
				);
				GCC_SYMBOLS_PRIVATE_EXTERN = NO;
				GCC_WARN_ABOUT_RETURN_TYPE = YES;
				GCC_WARN_UNINITIALIZED_AUTOS = YES;
				GCC_WARN_UNUSED_VARIABLE = YES;
				IPHONEOS_DEPLOYMENT_TARGET = 6.1;
				ONLY_ACTIVE_ARCH = YES;
				SDKROOT = iphoneos;
				TARGETED_DEVICE_FAMILY = "1,2";
			};
			name = Debug;
		};
		22834A621737B5A50043F7DF /* Release */ = {
			isa = XCBuildConfiguration;
			buildSettings = {
				ALWAYS_SEARCH_USER_PATHS = NO;
				CLANG_CXX_LANGUAGE_STANDARD = "gnu++0x";
				CLANG_CXX_LIBRARY = "libc++";
				CLANG_ENABLE_OBJC_ARC = YES;
				CLANG_WARN_CONSTANT_CONVERSION = YES;
				CLANG_WARN_EMPTY_BODY = YES;
				CLANG_WARN_ENUM_CONVERSION = YES;
				CLANG_WARN_INT_CONVERSION = YES;
				CLANG_WARN__DUPLICATE_METHOD_MATCH = YES;
				"CODE_SIGN_IDENTITY[sdk=iphoneos*]" = "iPhone Developer";
				COPY_PHASE_STRIP = YES;
				GCC_C_LANGUAGE_STANDARD = gnu99;
				GCC_WARN_ABOUT_RETURN_TYPE = YES;
				GCC_WARN_UNINITIALIZED_AUTOS = YES;
				GCC_WARN_UNUSED_VARIABLE = YES;
				IPHONEOS_DEPLOYMENT_TARGET = 6.1;
				OTHER_CFLAGS = "-DNS_BLOCK_ASSERTIONS=1";
				SDKROOT = iphoneos;
				TARGETED_DEVICE_FAMILY = "1,2";
				VALIDATE_PRODUCT = YES;
			};
			name = Release;
		};
		22834A641737B5A50043F7DF /* Debug */ = {
			isa = XCBuildConfiguration;
			buildSettings = {
				GCC_PRECOMPILE_PREFIX_HEADER = YES;
				GCC_PREFIX_HEADER = "Example/TOWebViewControllerExample-Prefix.pch";
				INFOPLIST_FILE = "$(SRCROOT)/Example/TOWebViewControllerExample-Info.plist";
				IPHONEOS_DEPLOYMENT_TARGET = 5.0;
				PRODUCT_NAME = "$(TARGET_NAME)";
				WRAPPER_EXTENSION = app;
			};
			name = Debug;
		};
		22834A651737B5A50043F7DF /* Release */ = {
			isa = XCBuildConfiguration;
			buildSettings = {
				GCC_PRECOMPILE_PREFIX_HEADER = YES;
				GCC_PREFIX_HEADER = "Example/TOWebViewControllerExample-Prefix.pch";
				INFOPLIST_FILE = "$(SRCROOT)/Example/TOWebViewControllerExample-Info.plist";
				IPHONEOS_DEPLOYMENT_TARGET = 5.0;
				PRODUCT_NAME = "$(TARGET_NAME)";
				WRAPPER_EXTENSION = app;
			};
			name = Release;
		};
/* End XCBuildConfiguration section */

/* Begin XCConfigurationList section */
		22834A381737B5A50043F7DF /* Build configuration list for PBXProject "TOWebViewControllerExample" */ = {
			isa = XCConfigurationList;
			buildConfigurations = (
				22834A611737B5A50043F7DF /* Debug */,
				22834A621737B5A50043F7DF /* Release */,
			);
			defaultConfigurationIsVisible = 0;
			defaultConfigurationName = Release;
		};
		22834A631737B5A50043F7DF /* Build configuration list for PBXNativeTarget "TOWebViewControllerExample" */ = {
			isa = XCConfigurationList;
			buildConfigurations = (
				22834A641737B5A50043F7DF /* Debug */,
				22834A651737B5A50043F7DF /* Release */,
			);
			defaultConfigurationIsVisible = 0;
			defaultConfigurationName = Release;
		};
/* End XCConfigurationList section */
	};
	rootObject = 22834A351737B5A50043F7DF /* Project object */;
}
