// !$*UTF8*$!
{
	archiveVersion = 1;
	classes = {
	};
	objectVersion = 46;
	objects = {

/* Begin PBXBuildFile section */
		225014F91737B89100DF6D7E /* TOViewController_iPad.xib in Resources */ = {isa = PBXBuildFile; fileRef = 225014F51737B89100DF6D7E /* TOViewController_iPad.xib */; };
		225014FA1737B89100DF6D7E /* TOViewController_iPhone.xib in Resources */ = {isa = PBXBuildFile; fileRef = 225014F71737B89100DF6D7E /* TOViewController_iPhone.xib */; };
		225015031737B8B000DF6D7E /* InfoPlist.strings in Resources */ = {isa = PBXBuildFile; fileRef = 225015011737B8B000DF6D7E /* InfoPlist.strings */; };
		225A033D1737E9790086E75F /* QuartzCore.framework in Frameworks */ = {isa = PBXBuildFile; fileRef = 225A033C1737E9790086E75F /* QuartzCore.framework */; };
		225F48E717525CC100A3558A /* MessageUI.framework in Frameworks */ = {isa = PBXBuildFile; fileRef = 225F48E617525CC100A3558A /* MessageUI.framework */; };
		225F48E917525E8600A3558A /* Twitter.framework in Frameworks */ = {isa = PBXBuildFile; fileRef = 225F48E817525E8600A3558A /* Twitter.framework */; };
		2265F357173FF4CD00A68010 /* Default-568h@2x.png in Resources */ = {isa = PBXBuildFile; fileRef = 2265F356173FF4CD00A68010 /* Default-568h@2x.png */; };
		227C55F91750F1F800FC3411 /* TOAppDelegate.m in Sources */ = {isa = PBXBuildFile; fileRef = 225014F21737B87600DF6D7E /* TOAppDelegate.m */; };
		227C55FA1750F1F900FC3411 /* TOViewController.m in Sources */ = {isa = PBXBuildFile; fileRef = 225014F41737B87600DF6D7E /* TOViewController.m */; };
		227C55FB1750F20700FC3411 /* main.m in Sources */ = {isa = PBXBuildFile; fileRef = 225014FE1737B8A200DF6D7E /* main.m */; };
		22834A411737B5A50043F7DF /* UIKit.framework in Frameworks */ = {isa = PBXBuildFile; fileRef = 22834A401737B5A50043F7DF /* UIKit.framework */; };
		22834A431737B5A50043F7DF /* Foundation.framework in Frameworks */ = {isa = PBXBuildFile; fileRef = 22834A421737B5A50043F7DF /* Foundation.framework */; };
		22834A451737B5A50043F7DF /* CoreGraphics.framework in Frameworks */ = {isa = PBXBuildFile; fileRef = 22834A441737B5A50043F7DF /* CoreGraphics.framework */; };
		22F9225E1753B15E0034FEF6 /* TOWebViewControllerLocalizable.strings in Resources */ = {isa = PBXBuildFile; fileRef = 22F9223A1753B15D0034FEF6 /* TOWebViewControllerLocalizable.strings */; };
		22F9225F1753B15E0034FEF6 /* TOWebViewControllerActionIcon.png in Resources */ = {isa = PBXBuildFile; fileRef = 22F9223F1753B15E0034FEF6 /* TOWebViewControllerActionIcon.png */; };
		22F922601753B15E0034FEF6 /* TOWebViewControllerActionIcon@2x.png in Resources */ = {isa = PBXBuildFile; fileRef = 22F922401753B15E0034FEF6 /* TOWebViewControllerActionIcon@2x.png */; };
		22F922611753B15E0034FEF6 /* TOWebViewControllerBackIcon.png in Resources */ = {isa = PBXBuildFile; fileRef = 22F922411753B15E0034FEF6 /* TOWebViewControllerBackIcon.png */; };
		22F922621753B15E0034FEF6 /* TOWebViewControllerBackIcon@2x.png in Resources */ = {isa = PBXBuildFile; fileRef = 22F922421753B15E0034FEF6 /* TOWebViewControllerBackIcon@2x.png */; };
		22F922631753B15E0034FEF6 /* TOWebViewControllerButtonBG.png in Resources */ = {isa = PBXBuildFile; fileRef = 22F922431753B15E0034FEF6 /* TOWebViewControllerButtonBG.png */; };
		22F922641753B15E0034FEF6 /* TOWebViewControllerButtonBG@2x.png in Resources */ = {isa = PBXBuildFile; fileRef = 22F922441753B15E0034FEF6 /* TOWebViewControllerButtonBG@2x.png */; };
		22F922651753B15E0034FEF6 /* TOWebViewControllerButtonBGPressed.png in Resources */ = {isa = PBXBuildFile; fileRef = 22F922451753B15E0034FEF6 /* TOWebViewControllerButtonBGPressed.png */; };
		22F922661753B15E0034FEF6 /* TOWebViewControllerButtonBGPressed@2x.png in Resources */ = {isa = PBXBuildFile; fileRef = 22F922461753B15E0034FEF6 /* TOWebViewControllerButtonBGPressed@2x.png */; };
		22F922671753B15E0034FEF6 /* TOWebViewControllerForwardIcon.png in Resources */ = {isa = PBXBuildFile; fileRef = 22F922471753B15E0034FEF6 /* TOWebViewControllerForwardIcon.png */; };
		22F922681753B15E0034FEF6 /* TOWebViewControllerForwardIcon@2x.png in Resources */ = {isa = PBXBuildFile; fileRef = 22F922481753B15E0034FEF6 /* TOWebViewControllerForwardIcon@2x.png */; };
		22F922691753B15E0034FEF6 /* TOWebViewControllerIconPressedBG.png in Resources */ = {isa = PBXBuildFile; fileRef = 22F922491753B15E0034FEF6 /* TOWebViewControllerIconPressedBG.png */; };
		22F9226A1753B15E0034FEF6 /* TOWebViewControllerIconPressedBG@2x.png in Resources */ = {isa = PBXBuildFile; fileRef = 22F9224A1753B15E0034FEF6 /* TOWebViewControllerIconPressedBG@2x.png */; };
		22F9226B1753B15E0034FEF6 /* TOWebViewControllerNavigationBarBG.png in Resources */ = {isa = PBXBuildFile; fileRef = 22F9224B1753B15E0034FEF6 /* TOWebViewControllerNavigationBarBG.png */; };
		22F9226C1753B15E0034FEF6 /* TOWebViewControllerNavigationBarBG@2x.png in Resources */ = {isa = PBXBuildFile; fileRef = 22F9224C1753B15E0034FEF6 /* TOWebViewControllerNavigationBarBG@2x.png */; };
		22F922751753B15E0034FEF6 /* TOWebViewControllerRefreshIcon.png in Resources */ = {isa = PBXBuildFile; fileRef = 22F922551753B15E0034FEF6 /* TOWebViewControllerRefreshIcon.png */; };
		22F922761753B15E0034FEF6 /* TOWebViewControllerRefreshIcon@2x.png in Resources */ = {isa = PBXBuildFile; fileRef = 22F922561753B15E0034FEF6 /* TOWebViewControllerRefreshIcon@2x.png */; };
		22F922771753B15E0034FEF6 /* TOWebViewControllerStopIcon.png in Resources */ = {isa = PBXBuildFile; fileRef = 22F922571753B15E0034FEF6 /* TOWebViewControllerStopIcon.png */; };
		22F922781753B15E0034FEF6 /* TOWebViewControllerStopIcon@2x.png in Resources */ = {isa = PBXBuildFile; fileRef = 22F922581753B15E0034FEF6 /* TOWebViewControllerStopIcon@2x.png */; };
		22F922791753B15E0034FEF6 /* TOWebViewController.m in Sources */ = {isa = PBXBuildFile; fileRef = 22F9225A1753B15E0034FEF6 /* TOWebViewController.m */; };
/* End PBXBuildFile section */

/* Begin PBXFileReference section */
		225014F11737B87600DF6D7E /* TOAppDelegate.h */ = {isa = PBXFileReference; lastKnownFileType = sourcecode.c.h; name = TOAppDelegate.h; path = Example/TOAppDelegate.h; sourceTree = SOURCE_ROOT; };
		225014F21737B87600DF6D7E /* TOAppDelegate.m */ = {isa = PBXFileReference; lastKnownFileType = sourcecode.c.objc; name = TOAppDelegate.m; path = Example/TOAppDelegate.m; sourceTree = SOURCE_ROOT; };
		225014F31737B87600DF6D7E /* TOViewController.h */ = {isa = PBXFileReference; lastKnownFileType = sourcecode.c.h; name = TOViewController.h; path = Example/TOViewController.h; sourceTree = SOURCE_ROOT; };
		225014F41737B87600DF6D7E /* TOViewController.m */ = {isa = PBXFileReference; lastKnownFileType = sourcecode.c.objc; name = TOViewController.m; path = Example/TOViewController.m; sourceTree = SOURCE_ROOT; };
		225014F61737B89100DF6D7E /* en */ = {isa = PBXFileReference; lastKnownFileType = file.xib; name = en; path = Example/en.lproj/TOViewController_iPad.xib; sourceTree = SOURCE_ROOT; };
		225014F81737B89100DF6D7E /* en */ = {isa = PBXFileReference; lastKnownFileType = file.xib; name = en; path = Example/en.lproj/TOViewController_iPhone.xib; sourceTree = SOURCE_ROOT; };
		225014FC1737B8A200DF6D7E /* Default.png */ = {isa = PBXFileReference; lastKnownFileType = image.png; name = Default.png; path = Example/Default.png; sourceTree = SOURCE_ROOT; };
		225014FD1737B8A200DF6D7E /* Default@2x.png */ = {isa = PBXFileReference; lastKnownFileType = image.png; name = "Default@2x.png"; path = "Example/Default@2x.png"; sourceTree = SOURCE_ROOT; };
		225014FE1737B8A200DF6D7E /* main.m */ = {isa = PBXFileReference; lastKnownFileType = sourcecode.c.objc; name = main.m; path = Example/main.m; sourceTree = SOURCE_ROOT; };
		225014FF1737B8A200DF6D7E /* TOWebViewControllerExample-Info.plist */ = {isa = PBXFileReference; lastKnownFileType = text.plist.xml; name = "TOWebViewControllerExample-Info.plist"; path = "Example/TOWebViewControllerExample-Info.plist"; sourceTree = SOURCE_ROOT; };
		225015001737B8A200DF6D7E /* TOWebViewControllerExample-Prefix.pch */ = {isa = PBXFileReference; lastKnownFileType = sourcecode.c.h; name = "TOWebViewControllerExample-Prefix.pch"; path = "Example/TOWebViewControllerExample-Prefix.pch"; sourceTree = SOURCE_ROOT; };
		225015021737B8B000DF6D7E /* en */ = {isa = PBXFileReference; lastKnownFileType = text.plist.strings; name = en; path = Example/en.lproj/InfoPlist.strings; sourceTree = SOURCE_ROOT; };
		225A033C1737E9790086E75F /* QuartzCore.framework */ = {isa = PBXFileReference; lastKnownFileType = wrapper.framework; name = QuartzCore.framework; path = System/Library/Frameworks/QuartzCore.framework; sourceTree = SDKROOT; };
		225F48E617525CC100A3558A /* MessageUI.framework */ = {isa = PBXFileReference; lastKnownFileType = wrapper.framework; name = MessageUI.framework; path = System/Library/Frameworks/MessageUI.framework; sourceTree = SDKROOT; };
		225F48E817525E8600A3558A /* Twitter.framework */ = {isa = PBXFileReference; lastKnownFileType = wrapper.framework; name = Twitter.framework; path = System/Library/Frameworks/Twitter.framework; sourceTree = SDKROOT; };
		2265F356173FF4CD00A68010 /* Default-568h@2x.png */ = {isa = PBXFileReference; lastKnownFileType = image.png; name = "Default-568h@2x.png"; path = "Example/Default-568h@2x.png"; sourceTree = SOURCE_ROOT; };
		22834A3D1737B5A50043F7DF /* TOWebViewControllerExample.app */ = {isa = PBXFileReference; explicitFileType = wrapper.application; includeInIndex = 0; path = TOWebViewControllerExample.app; sourceTree = BUILT_PRODUCTS_DIR; };
		22834A401737B5A50043F7DF /* UIKit.framework */ = {isa = PBXFileReference; lastKnownFileType = wrapper.framework; name = UIKit.framework; path = System/Library/Frameworks/UIKit.framework; sourceTree = SDKROOT; };
		22834A421737B5A50043F7DF /* Foundation.framework */ = {isa = PBXFileReference; lastKnownFileType = wrapper.framework; name = Foundation.framework; path = System/Library/Frameworks/Foundation.framework; sourceTree = SDKROOT; };
		22834A441737B5A50043F7DF /* CoreGraphics.framework */ = {isa = PBXFileReference; lastKnownFileType = wrapper.framework; name = CoreGraphics.framework; path = System/Library/Frameworks/CoreGraphics.framework; sourceTree = SDKROOT; };
		22F9223B1753B15D0034FEF6 /* de */ = {isa = PBXFileReference; lastKnownFileType = text.plist.strings; name = de; path = de.lproj/TOWebViewControllerLocalizable.strings; sourceTree = "<group>"; };
		22F9223C1753B15E0034FEF6 /* ja */ = {isa = PBXFileReference; lastKnownFileType = text.plist.strings; name = ja; path = ja.lproj/TOWebViewControllerLocalizable.strings; sourceTree = "<group>"; };
		22F9223D1753B15E0034FEF6 /* pl */ = {isa = PBXFileReference; lastKnownFileType = text.plist.strings; name = pl; path = pl.lproj/TOWebViewControllerLocalizable.strings; sourceTree = "<group>"; };
		22F9223F1753B15E0034FEF6 /* TOWebViewControllerActionIcon.png */ = {isa = PBXFileReference; lastKnownFileType = image.png; path = TOWebViewControllerActionIcon.png; sourceTree = "<group>"; };
		22F922401753B15E0034FEF6 /* TOWebViewControllerActionIcon@2x.png */ = {isa = PBXFileReference; lastKnownFileType = image.png; path = "TOWebViewControllerActionIcon@2x.png"; sourceTree = "<group>"; };
		22F922411753B15E0034FEF6 /* TOWebViewControllerBackIcon.png */ = {isa = PBXFileReference; lastKnownFileType = image.png; path = TOWebViewControllerBackIcon.png; sourceTree = "<group>"; };
		22F922421753B15E0034FEF6 /* TOWebViewControllerBackIcon@2x.png */ = {isa = PBXFileReference; lastKnownFileType = image.png; path = "TOWebViewControllerBackIcon@2x.png"; sourceTree = "<group>"; };
		22F922431753B15E0034FEF6 /* TOWebViewControllerButtonBG.png */ = {isa = PBXFileReference; lastKnownFileType = image.png; path = TOWebViewControllerButtonBG.png; sourceTree = "<group>"; };
		22F922441753B15E0034FEF6 /* TOWebViewControllerButtonBG@2x.png */ = {isa = PBXFileReference; lastKnownFileType = image.png; path = "TOWebViewControllerButtonBG@2x.png"; sourceTree = "<group>"; };
		22F922451753B15E0034FEF6 /* TOWebViewControllerButtonBGPressed.png */ = {isa = PBXFileReference; lastKnownFileType = image.png; path = TOWebViewControllerButtonBGPressed.png; sourceTree = "<group>"; };
		22F922461753B15E0034FEF6 /* TOWebViewControllerButtonBGPressed@2x.png */ = {isa = PBXFileReference; lastKnownFileType = image.png; path = "TOWebViewControllerButtonBGPressed@2x.png"; sourceTree = "<group>"; };
		22F922471753B15E0034FEF6 /* TOWebViewControllerForwardIcon.png */ = {isa = PBXFileReference; lastKnownFileType = image.png; path = TOWebViewControllerForwardIcon.png; sourceTree = "<group>"; };
		22F922481753B15E0034FEF6 /* TOWebViewControllerForwardIcon@2x.png */ = {isa = PBXFileReference; lastKnownFileType = image.png; path = "TOWebViewControllerForwardIcon@2x.png"; sourceTree = "<group>"; };
		22F922491753B15E0034FEF6 /* TOWebViewControllerIconPressedBG.png */ = {isa = PBXFileReference; lastKnownFileType = image.png; path = TOWebViewControllerIconPressedBG.png; sourceTree = "<group>"; };
		22F9224A1753B15E0034FEF6 /* TOWebViewControllerIconPressedBG@2x.png */ = {isa = PBXFileReference; lastKnownFileType = image.png; path = "TOWebViewControllerIconPressedBG@2x.png"; sourceTree = "<group>"; };
		22F9224B1753B15E0034FEF6 /* TOWebViewControllerNavigationBarBG.png */ = {isa = PBXFileReference; lastKnownFileType = image.png; path = TOWebViewControllerNavigationBarBG.png; sourceTree = "<group>"; };
		22F9224C1753B15E0034FEF6 /* TOWebViewControllerNavigationBarBG@2x.png */ = {isa = PBXFileReference; lastKnownFileType = image.png; path = "TOWebViewControllerNavigationBarBG@2x.png"; sourceTree = "<group>"; };
		22F922551753B15E0034FEF6 /* TOWebViewControllerRefreshIcon.png */ = {isa = PBXFileReference; lastKnownFileType = image.png; path = TOWebViewControllerRefreshIcon.png; sourceTree = "<group>"; };
		22F922561753B15E0034FEF6 /* TOWebViewControllerRefreshIcon@2x.png */ = {isa = PBXFileReference; lastKnownFileType = image.png; path = "TOWebViewControllerRefreshIcon@2x.png"; sourceTree = "<group>"; };
		22F922571753B15E0034FEF6 /* TOWebViewControllerStopIcon.png */ = {isa = PBXFileReference; lastKnownFileType = image.png; path = TOWebViewControllerStopIcon.png; sourceTree = "<group>"; };
		22F922581753B15E0034FEF6 /* TOWebViewControllerStopIcon@2x.png */ = {isa = PBXFileReference; lastKnownFileType = image.png; path = "TOWebViewControllerStopIcon@2x.png"; sourceTree = "<group>"; };
		22F922591753B15E0034FEF6 /* TOWebViewController.h */ = {isa = PBXFileReference; fileEncoding = 4; lastKnownFileType = sourcecode.c.h; path = TOWebViewController.h; sourceTree = "<group>"; };
		22F9225A1753B15E0034FEF6 /* TOWebViewController.m */ = {isa = PBXFileReference; fileEncoding = 4; lastKnownFileType = sourcecode.c.objc; path = TOWebViewController.m; sourceTree = "<group>"; };
		22F9225D1753B15E0034FEF6 /* zh-Hans */ = {isa = PBXFileReference; lastKnownFileType = text.plist.strings; name = "zh-Hans"; path = "zh-Hans.lproj/TOWebViewControllerLocalizable.strings"; sourceTree = "<group>"; };
/* End PBXFileReference section */

/* Begin PBXFrameworksBuildPhase section */
		22834A3A1737B5A50043F7DF /* Frameworks */ = {
			isa = PBXFrameworksBuildPhase;
			buildActionMask = 2147483647;
			files = (
				225F48E917525E8600A3558A /* Twitter.framework in Frameworks */,
				225F48E717525CC100A3558A /* MessageUI.framework in Frameworks */,
				225A033D1737E9790086E75F /* QuartzCore.framework in Frameworks */,
				22834A411737B5A50043F7DF /* UIKit.framework in Frameworks */,
				22834A431737B5A50043F7DF /* Foundation.framework in Frameworks */,
				22834A451737B5A50043F7DF /* CoreGraphics.framework in Frameworks */,
			);
			runOnlyForDeploymentPostprocessing = 0;
		};
/* End PBXFrameworksBuildPhase section */

/* Begin PBXGroup section */
		22834A341737B5A50043F7DF = {
			isa = PBXGroup;
			children = (
				22834A461737B5A50043F7DF /* TOWebViewControllerExample */,
				22834A3F1737B5A50043F7DF /* Frameworks */,
				22834A3E1737B5A50043F7DF /* Products */,
			);
			sourceTree = "<group>";
		};
		22834A3E1737B5A50043F7DF /* Products */ = {
			isa = PBXGroup;
			children = (
				22834A3D1737B5A50043F7DF /* TOWebViewControllerExample.app */,
			);
			name = Products;
			sourceTree = "<group>";
		};
		22834A3F1737B5A50043F7DF /* Frameworks */ = {
			isa = PBXGroup;
			children = (
				225F48E817525E8600A3558A /* Twitter.framework */,
				225F48E617525CC100A3558A /* MessageUI.framework */,
				225A033C1737E9790086E75F /* QuartzCore.framework */,
				22834A401737B5A50043F7DF /* UIKit.framework */,
				22834A421737B5A50043F7DF /* Foundation.framework */,
				22834A441737B5A50043F7DF /* CoreGraphics.framework */,
			);
			name = Frameworks;
			sourceTree = "<group>";
		};
		22834A461737B5A50043F7DF /* TOWebViewControllerExample */ = {
			isa = PBXGroup;
			children = (
				22F922391753B15D0034FEF6 /* TOWebViewController */,
				225014F11737B87600DF6D7E /* TOAppDelegate.h */,
				225014F21737B87600DF6D7E /* TOAppDelegate.m */,
				225014F31737B87600DF6D7E /* TOViewController.h */,
				225014F41737B87600DF6D7E /* TOViewController.m */,
				225014F51737B89100DF6D7E /* TOViewController_iPad.xib */,
				225014F71737B89100DF6D7E /* TOViewController_iPhone.xib */,
				22834A471737B5A50043F7DF /* Supporting Files */,
			);
			path = TOWebViewControllerExample;
			sourceTree = "<group>";
		};
		22834A471737B5A50043F7DF /* Supporting Files */ = {
			isa = PBXGroup;
			children = (
				2265F356173FF4CD00A68010 /* Default-568h@2x.png */,
				225014FC1737B8A200DF6D7E /* Default.png */,
				225014FD1737B8A200DF6D7E /* Default@2x.png */,
				225015011737B8B000DF6D7E /* InfoPlist.strings */,
				225014FE1737B8A200DF6D7E /* main.m */,
				225014FF1737B8A200DF6D7E /* TOWebViewControllerExample-Info.plist */,
				225015001737B8A200DF6D7E /* TOWebViewControllerExample-Prefix.pch */,
			);
			name = "Supporting Files";
			sourceTree = "<group>";
		};
		22F922391753B15D0034FEF6 /* TOWebViewController */ = {
			isa = PBXGroup;
			children = (
				22F9223A1753B15D0034FEF6 /* TOWebViewControllerLocalizable.strings */,
				22F9223E1753B15E0034FEF6 /* Resources */,
				22F922591753B15E0034FEF6 /* TOWebViewController.h */,
				22F9225A1753B15E0034FEF6 /* TOWebViewController.m */,
			);
			path = TOWebViewController;
			sourceTree = SOURCE_ROOT;
		};
		22F9223E1753B15E0034FEF6 /* Resources */ = {
			isa = PBXGroup;
			children = (
				22F9223F1753B15E0034FEF6 /* TOWebViewControllerActionIcon.png */,
				22F922401753B15E0034FEF6 /* TOWebViewControllerActionIcon@2x.png */,
				22F922411753B15E0034FEF6 /* TOWebViewControllerBackIcon.png */,
				22F922421753B15E0034FEF6 /* TOWebViewControllerBackIcon@2x.png */,
				22F922431753B15E0034FEF6 /* TOWebViewControllerButtonBG.png */,
				22F922441753B15E0034FEF6 /* TOWebViewControllerButtonBG@2x.png */,
				22F922451753B15E0034FEF6 /* TOWebViewControllerButtonBGPressed.png */,
				22F922461753B15E0034FEF6 /* TOWebViewControllerButtonBGPressed@2x.png */,
				22F922471753B15E0034FEF6 /* TOWebViewControllerForwardIcon.png */,
				22F922481753B15E0034FEF6 /* TOWebViewControllerForwardIcon@2x.png */,
				22F922491753B15E0034FEF6 /* TOWebViewControllerIconPressedBG.png */,
				22F9224A1753B15E0034FEF6 /* TOWebViewControllerIconPressedBG@2x.png */,
				22F9224B1753B15E0034FEF6 /* TOWebViewControllerNavigationBarBG.png */,
				22F9224C1753B15E0034FEF6 /* TOWebViewControllerNavigationBarBG@2x.png */,
				22F922551753B15E0034FEF6 /* TOWebViewControllerRefreshIcon.png */,
				22F922561753B15E0034FEF6 /* TOWebViewControllerRefreshIcon@2x.png */,
				22F922571753B15E0034FEF6 /* TOWebViewControllerStopIcon.png */,
				22F922581753B15E0034FEF6 /* TOWebViewControllerStopIcon@2x.png */,
			);
			path = Resources;
			sourceTree = "<group>";
		};
/* End PBXGroup section */

/* Begin PBXNativeTarget section */
		22834A3C1737B5A50043F7DF /* TOWebViewControllerExample */ = {
			isa = PBXNativeTarget;
			buildConfigurationList = 22834A631737B5A50043F7DF /* Build configuration list for PBXNativeTarget "TOWebViewControllerExample" */;
			buildPhases = (
				22834A391737B5A50043F7DF /* Sources */,
				22834A3A1737B5A50043F7DF /* Frameworks */,
				22834A3B1737B5A50043F7DF /* Resources */,
			);
			buildRules = (
			);
			dependencies = (
			);
			name = TOWebViewControllerExample;
			productName = TOWebViewControllerExample;
			productReference = 22834A3D1737B5A50043F7DF /* TOWebViewControllerExample.app */;
			productType = "com.apple.product-type.application";
		};
/* End PBXNativeTarget section */

/* Begin PBXProject section */
		22834A351737B5A50043F7DF /* Project object */ = {
			isa = PBXProject;
			attributes = {
				CLASSPREFIX = TO;
				LastUpgradeCheck = 0460;
				ORGANIZATIONNAME = "Tim Oliver";
			};
			buildConfigurationList = 22834A381737B5A50043F7DF /* Build configuration list for PBXProject "TOWebViewControllerExample" */;
			compatibilityVersion = "Xcode 3.2";
			developmentRegion = English;
			hasScannedForEncodings = 0;
			knownRegions = (
				en,
				de,
				ja,
				pl,
				"zh-CHS",
				"zh-Hans",
			);
			mainGroup = 22834A341737B5A50043F7DF;
			productRefGroup = 22834A3E1737B5A50043F7DF /* Products */;
			projectDirPath = "";
			projectRoot = "";
			targets = (
				22834A3C1737B5A50043F7DF /* TOWebViewControllerExample */,
			);
		};
/* End PBXProject section */

/* Begin PBXResourcesBuildPhase section */
		22834A3B1737B5A50043F7DF /* Resources */ = {
			isa = PBXResourcesBuildPhase;
			buildActionMask = 2147483647;
			files = (
				225014F91737B89100DF6D7E /* TOViewController_iPad.xib in Resources */,
				225014FA1737B89100DF6D7E /* TOViewController_iPhone.xib in Resources */,
				225015031737B8B000DF6D7E /* InfoPlist.strings in Resources */,
				2265F357173FF4CD00A68010 /* Default-568h@2x.png in Resources */,
				22F9225E1753B15E0034FEF6 /* TOWebViewControllerLocalizable.strings in Resources */,
				22F9225F1753B15E0034FEF6 /* TOWebViewControllerActionIcon.png in Resources */,
				22F922601753B15E0034FEF6 /* TOWebViewControllerActionIcon@2x.png in Resources */,
				22F922611753B15E0034FEF6 /* TOWebViewControllerBackIcon.png in Resources */,
				22F922621753B15E0034FEF6 /* TOWebViewControllerBackIcon@2x.png in Resources */,
				22F922631753B15E0034FEF6 /* TOWebViewControllerButtonBG.png in Resources */,
				22F922641753B15E0034FEF6 /* TOWebViewControllerButtonBG@2x.png in Resources */,
				22F922651753B15E0034FEF6 /* TOWebViewControllerButtonBGPressed.png in Resources */,
				22F922661753B15E0034FEF6 /* TOWebViewControllerButtonBGPressed@2x.png in Resources */,
				22F922671753B15E0034FEF6 /* TOWebViewControllerForwardIcon.png in Resources */,
				22F922681753B15E0034FEF6 /* TOWebViewControllerForwardIcon@2x.png in Resources */,
				22F922691753B15E0034FEF6 /* TOWebViewControllerIconPressedBG.png in Resources */,
				22F9226A1753B15E0034FEF6 /* TOWebViewControllerIconPressedBG@2x.png in Resources */,
				22F9226B1753B15E0034FEF6 /* TOWebViewControllerNavigationBarBG.png in Resources */,
				22F9226C1753B15E0034FEF6 /* TOWebViewControllerNavigationBarBG@2x.png in Resources */,
				22F922751753B15E0034FEF6 /* TOWebViewControllerRefreshIcon.png in Resources */,
				22F922761753B15E0034FEF6 /* TOWebViewControllerRefreshIcon@2x.png in Resources */,
				22F922771753B15E0034FEF6 /* TOWebViewControllerStopIcon.png in Resources */,
				22F922781753B15E0034FEF6 /* TOWebViewControllerStopIcon@2x.png in Resources */,
			);
			runOnlyForDeploymentPostprocessing = 0;
		};
/* End PBXResourcesBuildPhase section */

/* Begin PBXSourcesBuildPhase section */
		22834A391737B5A50043F7DF /* Sources */ = {
			isa = PBXSourcesBuildPhase;
			buildActionMask = 2147483647;
			files = (
				227C55FA1750F1F900FC3411 /* TOViewController.m in Sources */,
				227C55F91750F1F800FC3411 /* TOAppDelegate.m in Sources */,
				227C55FB1750F20700FC3411 /* main.m in Sources */,
				22F922791753B15E0034FEF6 /* TOWebViewController.m in Sources */,
			);
			runOnlyForDeploymentPostprocessing = 0;
		};
/* End PBXSourcesBuildPhase section */

/* Begin PBXVariantGroup section */
		225014F51737B89100DF6D7E /* TOViewController_iPad.xib */ = {
			isa = PBXVariantGroup;
			children = (
				225014F61737B89100DF6D7E /* en */,
			);
			name = TOViewController_iPad.xib;
			sourceTree = "<group>";
		};
		225014F71737B89100DF6D7E /* TOViewController_iPhone.xib */ = {
			isa = PBXVariantGroup;
			children = (
				225014F81737B89100DF6D7E /* en */,
			);
			name = TOViewController_iPhone.xib;
			sourceTree = "<group>";
		};
		225015011737B8B000DF6D7E /* InfoPlist.strings */ = {
			isa = PBXVariantGroup;
			children = (
				225015021737B8B000DF6D7E /* en */,
			);
			name = InfoPlist.strings;
			sourceTree = "<group>";
		};
		22F9223A1753B15D0034FEF6 /* TOWebViewControllerLocalizable.strings */ = {
			isa = PBXVariantGroup;
			children = (
				22F9223B1753B15D0034FEF6 /* de */,
				22F9223C1753B15E0034FEF6 /* ja */,
				22F9223D1753B15E0034FEF6 /* pl */,
				22F9225D1753B15E0034FEF6 /* zh-Hans */,
			);
			name = TOWebViewControllerLocalizable.strings;
			sourceTree = "<group>";
		};
/* End PBXVariantGroup section */

/* Begin XCBuildConfiguration section */
		22834A611737B5A50043F7DF /* Debug */ = {
			isa = XCBuildConfiguration;
			buildSettings = {
				ALWAYS_SEARCH_USER_PATHS = NO;
				CLANG_CXX_LANGUAGE_STANDARD = "gnu++0x";
				CLANG_CXX_LIBRARY = "libc++";
				CLANG_ENABLE_OBJC_ARC = YES;
				CLANG_WARN_CONSTANT_CONVERSION = YES;
				CLANG_WARN_EMPTY_BODY = YES;
				CLANG_WARN_ENUM_CONVERSION = YES;
				CLANG_WARN_INT_CONVERSION = YES;
				CLANG_WARN__DUPLICATE_METHOD_MATCH = YES;
				"CODE_SIGN_IDENTITY[sdk=iphoneos*]" = "iPhone Developer";
				COPY_PHASE_STRIP = NO;
				GCC_C_LANGUAGE_STANDARD = gnu99;
				GCC_DYNAMIC_NO_PIC = NO;
				GCC_OPTIMIZATION_LEVEL = 0;
				GCC_PREPROCESSOR_DEFINITIONS = (
					"DEBUG=1",
					"$(inherited)",
				);
				GCC_SYMBOLS_PRIVATE_EXTERN = NO;
				GCC_WARN_ABOUT_RETURN_TYPE = YES;
				GCC_WARN_UNINITIALIZED_AUTOS = YES;
				GCC_WARN_UNUSED_VARIABLE = YES;
				IPHONEOS_DEPLOYMENT_TARGET = 6.1;
				ONLY_ACTIVE_ARCH = YES;
				SDKROOT = iphoneos;
				TARGETED_DEVICE_FAMILY = "1,2";
			};
			name = Debug;
		};
		22834A621737B5A50043F7DF /* Release */ = {
			isa = XCBuildConfiguration;
			buildSettings = {
				ALWAYS_SEARCH_USER_PATHS = NO;
				CLANG_CXX_LANGUAGE_STANDARD = "gnu++0x";
				CLANG_CXX_LIBRARY = "libc++";
				CLANG_ENABLE_OBJC_ARC = YES;
				CLANG_WARN_CONSTANT_CONVERSION = YES;
				CLANG_WARN_EMPTY_BODY = YES;
				CLANG_WARN_ENUM_CONVERSION = YES;
				CLANG_WARN_INT_CONVERSION = YES;
				CLANG_WARN__DUPLICATE_METHOD_MATCH = YES;
				"CODE_SIGN_IDENTITY[sdk=iphoneos*]" = "iPhone Developer";
				COPY_PHASE_STRIP = YES;
				GCC_C_LANGUAGE_STANDARD = gnu99;
				GCC_WARN_ABOUT_RETURN_TYPE = YES;
				GCC_WARN_UNINITIALIZED_AUTOS = YES;
				GCC_WARN_UNUSED_VARIABLE = YES;
				IPHONEOS_DEPLOYMENT_TARGET = 6.1;
				OTHER_CFLAGS = "-DNS_BLOCK_ASSERTIONS=1";
				SDKROOT = iphoneos;
				TARGETED_DEVICE_FAMILY = "1,2";
				VALIDATE_PRODUCT = YES;
			};
			name = Release;
		};
		22834A641737B5A50043F7DF /* Debug */ = {
			isa = XCBuildConfiguration;
			buildSettings = {
				GCC_PRECOMPILE_PREFIX_HEADER = YES;
				GCC_PREFIX_HEADER = "Example/TOWebViewControllerExample-Prefix.pch";
				INFOPLIST_FILE = "$(SRCROOT)/Example/TOWebViewControllerExample-Info.plist";
				IPHONEOS_DEPLOYMENT_TARGET = 5.0;
				PRODUCT_NAME = "$(TARGET_NAME)";
				WRAPPER_EXTENSION = app;
			};
			name = Debug;
		};
		22834A651737B5A50043F7DF /* Release */ = {
			isa = XCBuildConfiguration;
			buildSettings = {
				GCC_PRECOMPILE_PREFIX_HEADER = YES;
				GCC_PREFIX_HEADER = "Example/TOWebViewControllerExample-Prefix.pch";
				INFOPLIST_FILE = "$(SRCROOT)/Example/TOWebViewControllerExample-Info.plist";
				IPHONEOS_DEPLOYMENT_TARGET = 5.0;
				PRODUCT_NAME = "$(TARGET_NAME)";
				WRAPPER_EXTENSION = app;
			};
			name = Release;
		};
/* End XCBuildConfiguration section */

/* Begin XCConfigurationList section */
		22834A381737B5A50043F7DF /* Build configuration list for PBXProject "TOWebViewControllerExample" */ = {
			isa = XCConfigurationList;
			buildConfigurations = (
				22834A611737B5A50043F7DF /* Debug */,
				22834A621737B5A50043F7DF /* Release */,
			);
			defaultConfigurationIsVisible = 0;
			defaultConfigurationName = Release;
		};
		22834A631737B5A50043F7DF /* Build configuration list for PBXNativeTarget "TOWebViewControllerExample" */ = {
			isa = XCConfigurationList;
			buildConfigurations = (
				22834A641737B5A50043F7DF /* Debug */,
				22834A651737B5A50043F7DF /* Release */,
			);
			defaultConfigurationIsVisible = 0;
			defaultConfigurationName = Release;
		};
/* End XCConfigurationList section */
	};
	rootObject = 22834A351737B5A50043F7DF /* Project object */;
}
