// !$*UTF8*$!
{
	archiveVersion = 1;
	classes = {
	};
	objectVersion = 46;
	objects = {

/* Begin PBXBuildFile section */
		225014F91737B89100DF6D7E /* TOViewController_iPad.xib in Resources */ = {isa = PBXBuildFile; fileRef = 225014F51737B89100DF6D7E /* TOViewController_iPad.xib */; };
		225014FA1737B89100DF6D7E /* TOViewController_iPhone.xib in Resources */ = {isa = PBXBuildFile; fileRef = 225014F71737B89100DF6D7E /* TOViewController_iPhone.xib */; };
		225015031737B8B000DF6D7E /* InfoPlist.strings in Resources */ = {isa = PBXBuildFile; fileRef = 225015011737B8B000DF6D7E /* InfoPlist.strings */; };
		225A033D1737E9790086E75F /* QuartzCore.framework in Frameworks */ = {isa = PBXBuildFile; fileRef = 225A033C1737E9790086E75F /* QuartzCore.framework */; };
		227E46F51737FD6E00C93613 /* ModalWebNavigationBarBG.png in Resources */ = {isa = PBXBuildFile; fileRef = 227E46E31737FD6E00C93613 /* ModalWebNavigationBarBG.png */; };
		227E46F61737FD6E00C93613 /* ModalWebNavigationBarBG@2x.png in Resources */ = {isa = PBXBuildFile; fileRef = 227E46E41737FD6E00C93613 /* ModalWebNavigationBarBG@2x.png */; };
		227E46F71737FD6E00C93613 /* ModalWebViewBackIcon.png in Resources */ = {isa = PBXBuildFile; fileRef = 227E46E51737FD6E00C93613 /* ModalWebViewBackIcon.png */; };
		227E46F81737FD6E00C93613 /* ModalWebViewBackIcon@2x.png in Resources */ = {isa = PBXBuildFile; fileRef = 227E46E61737FD6E00C93613 /* ModalWebViewBackIcon@2x.png */; };
		227E46F91737FD6E00C93613 /* ModalWebViewButtonBG.png in Resources */ = {isa = PBXBuildFile; fileRef = 227E46E71737FD6E00C93613 /* ModalWebViewButtonBG.png */; };
		227E46FA1737FD6E00C93613 /* ModalWebViewButtonBG@2x.png in Resources */ = {isa = PBXBuildFile; fileRef = 227E46E81737FD6E00C93613 /* ModalWebViewButtonBG@2x.png */; };
		227E46FB1737FD6E00C93613 /* ModalWebViewButtonBGPressed.png in Resources */ = {isa = PBXBuildFile; fileRef = 227E46E91737FD6E00C93613 /* ModalWebViewButtonBGPressed.png */; };
		227E46FC1737FD6E00C93613 /* ModalWebViewButtonBGPressed@2x.png in Resources */ = {isa = PBXBuildFile; fileRef = 227E46EA1737FD6E00C93613 /* ModalWebViewButtonBGPressed@2x.png */; };
		227E46FD1737FD6E00C93613 /* ModalWebViewForwardIcon.png in Resources */ = {isa = PBXBuildFile; fileRef = 227E46EB1737FD6E00C93613 /* ModalWebViewForwardIcon.png */; };
		227E46FE1737FD6E00C93613 /* ModalWebViewForwardIcon@2x.png in Resources */ = {isa = PBXBuildFile; fileRef = 227E46EC1737FD6E00C93613 /* ModalWebViewForwardIcon@2x.png */; };
		227E46FF1737FD6E00C93613 /* ModalWebViewIconPressedBG.png in Resources */ = {isa = PBXBuildFile; fileRef = 227E46ED1737FD6E00C93613 /* ModalWebViewIconPressedBG.png */; };
		227E47001737FD6E00C93613 /* ModalWebViewIconPressedBG@2x.png in Resources */ = {isa = PBXBuildFile; fileRef = 227E46EE1737FD6E00C93613 /* ModalWebViewIconPressedBG@2x.png */; };
		227E47031737FD6E00C93613 /* ModalWebViewRefreshIcon.png in Resources */ = {isa = PBXBuildFile; fileRef = 227E46F11737FD6E00C93613 /* ModalWebViewRefreshIcon.png */; };
		227E47041737FD6E00C93613 /* ModalWebViewRefreshIcon@2x.png in Resources */ = {isa = PBXBuildFile; fileRef = 227E46F21737FD6E00C93613 /* ModalWebViewRefreshIcon@2x.png */; };
		227E47051737FD6E00C93613 /* ModalWebViewStopIcon.png in Resources */ = {isa = PBXBuildFile; fileRef = 227E46F31737FD6E00C93613 /* ModalWebViewStopIcon.png */; };
		227E47061737FD6E00C93613 /* ModalWebViewStopIcon@2x.png in Resources */ = {isa = PBXBuildFile; fileRef = 227E46F41737FD6E00C93613 /* ModalWebViewStopIcon@2x.png */; };
		22834A411737B5A50043F7DF /* UIKit.framework in Frameworks */ = {isa = PBXBuildFile; fileRef = 22834A401737B5A50043F7DF /* UIKit.framework */; };
		22834A431737B5A50043F7DF /* Foundation.framework in Frameworks */ = {isa = PBXBuildFile; fileRef = 22834A421737B5A50043F7DF /* Foundation.framework */; };
		22834A451737B5A50043F7DF /* CoreGraphics.framework in Frameworks */ = {isa = PBXBuildFile; fileRef = 22834A441737B5A50043F7DF /* CoreGraphics.framework */; };
		2288A4C01737BB54005A7F22 /* TOModalWebViewController.m in Sources */ = {isa = PBXBuildFile; fileRef = 2288A4BF1737BB54005A7F22 /* TOModalWebViewController.m */; };
		2288A4C41737DD55005A7F22 /* Default-568h@2x.png in Resources */ = {isa = PBXBuildFile; fileRef = 2288A4C31737DD55005A7F22 /* Default-568h@2x.png */; };
		2288A4C51737DD8E005A7F22 /* TOAppDelegate.m in Sources */ = {isa = PBXBuildFile; fileRef = 225014F21737B87600DF6D7E /* TOAppDelegate.m */; };
		2288A4C61737DD91005A7F22 /* TOViewController.m in Sources */ = {isa = PBXBuildFile; fileRef = 225014F41737B87600DF6D7E /* TOViewController.m */; };
		2288A4C71737DD92005A7F22 /* main.m in Sources */ = {isa = PBXBuildFile; fileRef = 225014FE1737B8A200DF6D7E /* main.m */; };
/* End PBXBuildFile section */

/* Begin PBXFileReference section */
		225014F11737B87600DF6D7E /* TOAppDelegate.h */ = {isa = PBXFileReference; lastKnownFileType = sourcecode.c.h; name = TOAppDelegate.h; path = Example/TOAppDelegate.h; sourceTree = SOURCE_ROOT; };
		225014F21737B87600DF6D7E /* TOAppDelegate.m */ = {isa = PBXFileReference; lastKnownFileType = sourcecode.c.objc; name = TOAppDelegate.m; path = Example/TOAppDelegate.m; sourceTree = SOURCE_ROOT; };
		225014F31737B87600DF6D7E /* TOViewController.h */ = {isa = PBXFileReference; lastKnownFileType = sourcecode.c.h; name = TOViewController.h; path = Example/TOViewController.h; sourceTree = SOURCE_ROOT; };
		225014F41737B87600DF6D7E /* TOViewController.m */ = {isa = PBXFileReference; lastKnownFileType = sourcecode.c.objc; name = TOViewController.m; path = Example/TOViewController.m; sourceTree = SOURCE_ROOT; };
		225014F61737B89100DF6D7E /* en */ = {isa = PBXFileReference; lastKnownFileType = file.xib; name = en; path = Example/en.lproj/TOViewController_iPad.xib; sourceTree = SOURCE_ROOT; };
		225014F81737B89100DF6D7E /* en */ = {isa = PBXFileReference; lastKnownFileType = file.xib; name = en; path = Example/en.lproj/TOViewController_iPhone.xib; sourceTree = SOURCE_ROOT; };
		225014FB1737B8A200DF6D7E /* Default-568h@2x.png */ = {isa = PBXFileReference; lastKnownFileType = image.png; name = "Default-568h@2x.png"; path = "Example/Default-568h@2x.png"; sourceTree = SOURCE_ROOT; };
		225014FC1737B8A200DF6D7E /* Default.png */ = {isa = PBXFileReference; lastKnownFileType = image.png; name = Default.png; path = Example/Default.png; sourceTree = SOURCE_ROOT; };
		225014FD1737B8A200DF6D7E /* Default@2x.png */ = {isa = PBXFileReference; lastKnownFileType = image.png; name = "Default@2x.png"; path = "Example/Default@2x.png"; sourceTree = SOURCE_ROOT; };
		225014FE1737B8A200DF6D7E /* main.m */ = {isa = PBXFileReference; lastKnownFileType = sourcecode.c.objc; name = main.m; path = Example/main.m; sourceTree = SOURCE_ROOT; };
		225014FF1737B8A200DF6D7E /* TOModalWebViewControllerExample-Info.plist */ = {isa = PBXFileReference; lastKnownFileType = text.plist.xml; name = "TOModalWebViewControllerExample-Info.plist"; path = "Example/TOModalWebViewControllerExample-Info.plist"; sourceTree = SOURCE_ROOT; };
		225015001737B8A200DF6D7E /* TOModalWebViewControllerExample-Prefix.pch */ = {isa = PBXFileReference; lastKnownFileType = sourcecode.c.h; name = "TOModalWebViewControllerExample-Prefix.pch"; path = "Example/TOModalWebViewControllerExample-Prefix.pch"; sourceTree = SOURCE_ROOT; };
		225015021737B8B000DF6D7E /* en */ = {isa = PBXFileReference; lastKnownFileType = text.plist.strings; name = en; path = Example/en.lproj/InfoPlist.strings; sourceTree = SOURCE_ROOT; };
		225A033C1737E9790086E75F /* QuartzCore.framework */ = {isa = PBXFileReference; lastKnownFileType = wrapper.framework; name = QuartzCore.framework; path = System/Library/Frameworks/QuartzCore.framework; sourceTree = SDKROOT; };
		227E46E31737FD6E00C93613 /* ModalWebNavigationBarBG.png */ = {isa = PBXFileReference; lastKnownFileType = image.png; path = ModalWebNavigationBarBG.png; sourceTree = "<group>"; };
		227E46E41737FD6E00C93613 /* ModalWebNavigationBarBG@2x.png */ = {isa = PBXFileReference; lastKnownFileType = image.png; path = "ModalWebNavigationBarBG@2x.png"; sourceTree = "<group>"; };
		227E46E51737FD6E00C93613 /* ModalWebViewBackIcon.png */ = {isa = PBXFileReference; lastKnownFileType = image.png; path = ModalWebViewBackIcon.png; sourceTree = "<group>"; };
		227E46E61737FD6E00C93613 /* ModalWebViewBackIcon@2x.png */ = {isa = PBXFileReference; lastKnownFileType = image.png; path = "ModalWebViewBackIcon@2x.png"; sourceTree = "<group>"; };
		227E46E71737FD6E00C93613 /* ModalWebViewButtonBG.png */ = {isa = PBXFileReference; lastKnownFileType = image.png; path = ModalWebViewButtonBG.png; sourceTree = "<group>"; };
		227E46E81737FD6E00C93613 /* ModalWebViewButtonBG@2x.png */ = {isa = PBXFileReference; lastKnownFileType = image.png; path = "ModalWebViewButtonBG@2x.png"; sourceTree = "<group>"; };
		227E46E91737FD6E00C93613 /* ModalWebViewButtonBGPressed.png */ = {isa = PBXFileReference; lastKnownFileType = image.png; path = ModalWebViewButtonBGPressed.png; sourceTree = "<group>"; };
		227E46EA1737FD6E00C93613 /* ModalWebViewButtonBGPressed@2x.png */ = {isa = PBXFileReference; lastKnownFileType = image.png; path = "ModalWebViewButtonBGPressed@2x.png"; sourceTree = "<group>"; };
		227E46EB1737FD6E00C93613 /* ModalWebViewForwardIcon.png */ = {isa = PBXFileReference; lastKnownFileType = image.png; path = ModalWebViewForwardIcon.png; sourceTree = "<group>"; };
		227E46EC1737FD6E00C93613 /* ModalWebViewForwardIcon@2x.png */ = {isa = PBXFileReference; lastKnownFileType = image.png; path = "ModalWebViewForwardIcon@2x.png"; sourceTree = "<group>"; };
		227E46ED1737FD6E00C93613 /* ModalWebViewIconPressedBG.png */ = {isa = PBXFileReference; lastKnownFileType = image.png; path = ModalWebViewIconPressedBG.png; sourceTree = "<group>"; };
		227E46EE1737FD6E00C93613 /* ModalWebViewIconPressedBG@2x.png */ = {isa = PBXFileReference; lastKnownFileType = image.png; path = "ModalWebViewIconPressedBG@2x.png"; sourceTree = "<group>"; };
		227E46F11737FD6E00C93613 /* ModalWebViewRefreshIcon.png */ = {isa = PBXFileReference; lastKnownFileType = image.png; path = ModalWebViewRefreshIcon.png; sourceTree = "<group>"; };
		227E46F21737FD6E00C93613 /* ModalWebViewRefreshIcon@2x.png */ = {isa = PBXFileReference; lastKnownFileType = image.png; path = "ModalWebViewRefreshIcon@2x.png"; sourceTree = "<group>"; };
		227E46F31737FD6E00C93613 /* ModalWebViewStopIcon.png */ = {isa = PBXFileReference; lastKnownFileType = image.png; path = ModalWebViewStopIcon.png; sourceTree = "<group>"; };
		227E46F41737FD6E00C93613 /* ModalWebViewStopIcon@2x.png */ = {isa = PBXFileReference; lastKnownFileType = image.png; path = "ModalWebViewStopIcon@2x.png"; sourceTree = "<group>"; };
		22834A3D1737B5A50043F7DF /* TOModalWebViewControllerExample.app */ = {isa = PBXFileReference; explicitFileType = wrapper.application; includeInIndex = 0; path = TOModalWebViewControllerExample.app; sourceTree = BUILT_PRODUCTS_DIR; };
		22834A401737B5A50043F7DF /* UIKit.framework */ = {isa = PBXFileReference; lastKnownFileType = wrapper.framework; name = UIKit.framework; path = System/Library/Frameworks/UIKit.framework; sourceTree = SDKROOT; };
		22834A421737B5A50043F7DF /* Foundation.framework */ = {isa = PBXFileReference; lastKnownFileType = wrapper.framework; name = Foundation.framework; path = System/Library/Frameworks/Foundation.framework; sourceTree = SDKROOT; };
		22834A441737B5A50043F7DF /* CoreGraphics.framework */ = {isa = PBXFileReference; lastKnownFileType = wrapper.framework; name = CoreGraphics.framework; path = System/Library/Frameworks/CoreGraphics.framework; sourceTree = SDKROOT; };
		2288A4BE1737BB54005A7F22 /* TOModalWebViewController.h */ = {isa = PBXFileReference; fileEncoding = 4; lastKnownFileType = sourcecode.c.h; path = TOModalWebViewController.h; sourceTree = "<group>"; };
		2288A4BF1737BB54005A7F22 /* TOModalWebViewController.m */ = {isa = PBXFileReference; fileEncoding = 4; lastKnownFileType = sourcecode.c.objc; path = TOModalWebViewController.m; sourceTree = "<group>"; };
		2288A4C31737DD55005A7F22 /* Default-568h@2x.png */ = {isa = PBXFileReference; lastKnownFileType = image.png; path = "Default-568h@2x.png"; sourceTree = "<group>"; };
/* End PBXFileReference section */

/* Begin PBXFrameworksBuildPhase section */
		22834A3A1737B5A50043F7DF /* Frameworks */ = {
			isa = PBXFrameworksBuildPhase;
			buildActionMask = 2147483647;
			files = (
				225A033D1737E9790086E75F /* QuartzCore.framework in Frameworks */,
				22834A411737B5A50043F7DF /* UIKit.framework in Frameworks */,
				22834A431737B5A50043F7DF /* Foundation.framework in Frameworks */,
				22834A451737B5A50043F7DF /* CoreGraphics.framework in Frameworks */,
			);
			runOnlyForDeploymentPostprocessing = 0;
		};
/* End PBXFrameworksBuildPhase section */

/* Begin PBXGroup section */
		227E46E21737FD6E00C93613 /* Resources */ = {
			isa = PBXGroup;
			children = (
				227E46E31737FD6E00C93613 /* ModalWebNavigationBarBG.png */,
				227E46E41737FD6E00C93613 /* ModalWebNavigationBarBG@2x.png */,
				227E46E51737FD6E00C93613 /* ModalWebViewBackIcon.png */,
				227E46E61737FD6E00C93613 /* ModalWebViewBackIcon@2x.png */,
				227E46E71737FD6E00C93613 /* ModalWebViewButtonBG.png */,
				227E46E81737FD6E00C93613 /* ModalWebViewButtonBG@2x.png */,
				227E46E91737FD6E00C93613 /* ModalWebViewButtonBGPressed.png */,
				227E46EA1737FD6E00C93613 /* ModalWebViewButtonBGPressed@2x.png */,
				227E46EB1737FD6E00C93613 /* ModalWebViewForwardIcon.png */,
				227E46EC1737FD6E00C93613 /* ModalWebViewForwardIcon@2x.png */,
				227E46ED1737FD6E00C93613 /* ModalWebViewIconPressedBG.png */,
				227E46EE1737FD6E00C93613 /* ModalWebViewIconPressedBG@2x.png */,
				227E46F11737FD6E00C93613 /* ModalWebViewRefreshIcon.png */,
				227E46F21737FD6E00C93613 /* ModalWebViewRefreshIcon@2x.png */,
				227E46F31737FD6E00C93613 /* ModalWebViewStopIcon.png */,
				227E46F41737FD6E00C93613 /* ModalWebViewStopIcon@2x.png */,
			);
			path = Resources;
			sourceTree = "<group>";
		};
		22834A341737B5A50043F7DF = {
			isa = PBXGroup;
			children = (
				2288A4C31737DD55005A7F22 /* Default-568h@2x.png */,
				22834A461737B5A50043F7DF /* TOModalWebViewControllerExample */,
				22834A3F1737B5A50043F7DF /* Frameworks */,
				22834A3E1737B5A50043F7DF /* Products */,
			);
			sourceTree = "<group>";
		};
		22834A3E1737B5A50043F7DF /* Products */ = {
			isa = PBXGroup;
			children = (
				22834A3D1737B5A50043F7DF /* TOModalWebViewControllerExample.app */,
			);
			name = Products;
			sourceTree = "<group>";
		};
		22834A3F1737B5A50043F7DF /* Frameworks */ = {
			isa = PBXGroup;
			children = (
				225A033C1737E9790086E75F /* QuartzCore.framework */,
				22834A401737B5A50043F7DF /* UIKit.framework */,
				22834A421737B5A50043F7DF /* Foundation.framework */,
				22834A441737B5A50043F7DF /* CoreGraphics.framework */,
			);
			name = Frameworks;
			sourceTree = "<group>";
		};
		22834A461737B5A50043F7DF /* TOModalWebViewControllerExample */ = {
			isa = PBXGroup;
			children = (
				2288A4BD1737BB3B005A7F22 /* TOModalWebViewController */,
				225014F11737B87600DF6D7E /* TOAppDelegate.h */,
				225014F21737B87600DF6D7E /* TOAppDelegate.m */,
				225014F31737B87600DF6D7E /* TOViewController.h */,
				225014F41737B87600DF6D7E /* TOViewController.m */,
				225014F51737B89100DF6D7E /* TOViewController_iPad.xib */,
				225014F71737B89100DF6D7E /* TOViewController_iPhone.xib */,
				22834A471737B5A50043F7DF /* Supporting Files */,
			);
			path = TOModalWebViewControllerExample;
			sourceTree = "<group>";
		};
		22834A471737B5A50043F7DF /* Supporting Files */ = {
			isa = PBXGroup;
			children = (
				225014FB1737B8A200DF6D7E /* Default-568h@2x.png */,
				225014FC1737B8A200DF6D7E /* Default.png */,
				225014FD1737B8A200DF6D7E /* Default@2x.png */,
				225015011737B8B000DF6D7E /* InfoPlist.strings */,
				225014FE1737B8A200DF6D7E /* main.m */,
				225014FF1737B8A200DF6D7E /* TOModalWebViewControllerExample-Info.plist */,
				225015001737B8A200DF6D7E /* TOModalWebViewControllerExample-Prefix.pch */,
			);
			name = "Supporting Files";
			sourceTree = "<group>";
		};
		2288A4BD1737BB3B005A7F22 /* TOModalWebViewController */ = {
			isa = PBXGroup;
			children = (
				227E46E21737FD6E00C93613 /* Resources */,
				2288A4BE1737BB54005A7F22 /* TOModalWebViewController.h */,
				2288A4BF1737BB54005A7F22 /* TOModalWebViewController.m */,
			);
			path = TOModalWebViewController;
			sourceTree = SOURCE_ROOT;
		};
/* End PBXGroup section */

/* Begin PBXNativeTarget section */
		22834A3C1737B5A50043F7DF /* TOModalWebViewControllerExample */ = {
			isa = PBXNativeTarget;
			buildConfigurationList = 22834A631737B5A50043F7DF /* Build configuration list for PBXNativeTarget "TOModalWebViewControllerExample" */;
			buildPhases = (
				22834A391737B5A50043F7DF /* Sources */,
				22834A3A1737B5A50043F7DF /* Frameworks */,
				22834A3B1737B5A50043F7DF /* Resources */,
			);
			buildRules = (
			);
			dependencies = (
			);
			name = TOModalWebViewControllerExample;
			productName = TOModalWebViewControllerExample;
			productReference = 22834A3D1737B5A50043F7DF /* TOModalWebViewControllerExample.app */;
			productType = "com.apple.product-type.application";
		};
/* End PBXNativeTarget section */

/* Begin PBXProject section */
		22834A351737B5A50043F7DF /* Project object */ = {
			isa = PBXProject;
			attributes = {
				CLASSPREFIX = TO;
				LastUpgradeCheck = 0460;
				ORGANIZATIONNAME = "Tim Oliver";
			};
			buildConfigurationList = 22834A381737B5A50043F7DF /* Build configuration list for PBXProject "TOModalWebViewControllerExample" */;
			compatibilityVersion = "Xcode 3.2";
			developmentRegion = English;
			hasScannedForEncodings = 0;
			knownRegions = (
				en,
			);
			mainGroup = 22834A341737B5A50043F7DF;
			productRefGroup = 22834A3E1737B5A50043F7DF /* Products */;
			projectDirPath = "";
			projectRoot = "";
			targets = (
				22834A3C1737B5A50043F7DF /* TOModalWebViewControllerExample */,
			);
		};
/* End PBXProject section */

/* Begin PBXResourcesBuildPhase section */
		22834A3B1737B5A50043F7DF /* Resources */ = {
			isa = PBXResourcesBuildPhase;
			buildActionMask = 2147483647;
			files = (
				225014F91737B89100DF6D7E /* TOViewController_iPad.xib in Resources */,
				225014FA1737B89100DF6D7E /* TOViewController_iPhone.xib in Resources */,
				225015031737B8B000DF6D7E /* InfoPlist.strings in Resources */,
				2288A4C41737DD55005A7F22 /* Default-568h@2x.png in Resources */,
				227E46F51737FD6E00C93613 /* ModalWebNavigationBarBG.png in Resources */,
				227E46F61737FD6E00C93613 /* ModalWebNavigationBarBG@2x.png in Resources */,
				227E46F71737FD6E00C93613 /* ModalWebViewBackIcon.png in Resources */,
				227E46F81737FD6E00C93613 /* ModalWebViewBackIcon@2x.png in Resources */,
				227E46F91737FD6E00C93613 /* ModalWebViewButtonBG.png in Resources */,
				227E46FA1737FD6E00C93613 /* ModalWebViewButtonBG@2x.png in Resources */,
				227E46FB1737FD6E00C93613 /* ModalWebViewButtonBGPressed.png in Resources */,
				227E46FC1737FD6E00C93613 /* ModalWebViewButtonBGPressed@2x.png in Resources */,
				227E46FD1737FD6E00C93613 /* ModalWebViewForwardIcon.png in Resources */,
				227E46FE1737FD6E00C93613 /* ModalWebViewForwardIcon@2x.png in Resources */,
				227E46FF1737FD6E00C93613 /* ModalWebViewIconPressedBG.png in Resources */,
				227E47001737FD6E00C93613 /* ModalWebViewIconPressedBG@2x.png in Resources */,
				227E47031737FD6E00C93613 /* ModalWebViewRefreshIcon.png in Resources */,
				227E47041737FD6E00C93613 /* ModalWebViewRefreshIcon@2x.png in Resources */,
				227E47051737FD6E00C93613 /* ModalWebViewStopIcon.png in Resources */,
				227E47061737FD6E00C93613 /* ModalWebViewStopIcon@2x.png in Resources */,
			);
			runOnlyForDeploymentPostprocessing = 0;
		};
/* End PBXResourcesBuildPhase section */

/* Begin PBXSourcesBuildPhase section */
		22834A391737B5A50043F7DF /* Sources */ = {
			isa = PBXSourcesBuildPhase;
			buildActionMask = 2147483647;
			files = (
				2288A4C01737BB54005A7F22 /* TOModalWebViewController.m in Sources */,
				2288A4C51737DD8E005A7F22 /* TOAppDelegate.m in Sources */,
				2288A4C71737DD92005A7F22 /* main.m in Sources */,
				2288A4C61737DD91005A7F22 /* TOViewController.m in Sources */,
			);
			runOnlyForDeploymentPostprocessing = 0;
		};
/* End PBXSourcesBuildPhase section */

/* Begin PBXVariantGroup section */
		225014F51737B89100DF6D7E /* TOViewController_iPad.xib */ = {
			isa = PBXVariantGroup;
			children = (
				225014F61737B89100DF6D7E /* en */,
			);
			name = TOViewController_iPad.xib;
			sourceTree = "<group>";
		};
		225014F71737B89100DF6D7E /* TOViewController_iPhone.xib */ = {
			isa = PBXVariantGroup;
			children = (
				225014F81737B89100DF6D7E /* en */,
			);
			name = TOViewController_iPhone.xib;
			sourceTree = "<group>";
		};
		225015011737B8B000DF6D7E /* InfoPlist.strings */ = {
			isa = PBXVariantGroup;
			children = (
				225015021737B8B000DF6D7E /* en */,
			);
			name = InfoPlist.strings;
			sourceTree = "<group>";
		};
/* End PBXVariantGroup section */

/* Begin XCBuildConfiguration section */
		22834A611737B5A50043F7DF /* Debug */ = {
			isa = XCBuildConfiguration;
			buildSettings = {
				ALWAYS_SEARCH_USER_PATHS = NO;
				CLANG_CXX_LANGUAGE_STANDARD = "gnu++0x";
				CLANG_CXX_LIBRARY = "libc++";
				CLANG_ENABLE_OBJC_ARC = YES;
				CLANG_WARN_CONSTANT_CONVERSION = YES;
				CLANG_WARN_EMPTY_BODY = YES;
				CLANG_WARN_ENUM_CONVERSION = YES;
				CLANG_WARN_INT_CONVERSION = YES;
				CLANG_WARN__DUPLICATE_METHOD_MATCH = YES;
				"CODE_SIGN_IDENTITY[sdk=iphoneos*]" = "iPhone Developer";
				COPY_PHASE_STRIP = NO;
				GCC_C_LANGUAGE_STANDARD = gnu99;
				GCC_DYNAMIC_NO_PIC = NO;
				GCC_OPTIMIZATION_LEVEL = 0;
				GCC_PREPROCESSOR_DEFINITIONS = (
					"DEBUG=1",
					"$(inherited)",
				);
				GCC_SYMBOLS_PRIVATE_EXTERN = NO;
				GCC_WARN_ABOUT_RETURN_TYPE = YES;
				GCC_WARN_UNINITIALIZED_AUTOS = YES;
				GCC_WARN_UNUSED_VARIABLE = YES;
				IPHONEOS_DEPLOYMENT_TARGET = 6.1;
				ONLY_ACTIVE_ARCH = YES;
				SDKROOT = iphoneos;
				TARGETED_DEVICE_FAMILY = "1,2";
			};
			name = Debug;
		};
		22834A621737B5A50043F7DF /* Release */ = {
			isa = XCBuildConfiguration;
			buildSettings = {
				ALWAYS_SEARCH_USER_PATHS = NO;
				CLANG_CXX_LANGUAGE_STANDARD = "gnu++0x";
				CLANG_CXX_LIBRARY = "libc++";
				CLANG_ENABLE_OBJC_ARC = YES;
				CLANG_WARN_CONSTANT_CONVERSION = YES;
				CLANG_WARN_EMPTY_BODY = YES;
				CLANG_WARN_ENUM_CONVERSION = YES;
				CLANG_WARN_INT_CONVERSION = YES;
				CLANG_WARN__DUPLICATE_METHOD_MATCH = YES;
				"CODE_SIGN_IDENTITY[sdk=iphoneos*]" = "iPhone Developer";
				COPY_PHASE_STRIP = YES;
				GCC_C_LANGUAGE_STANDARD = gnu99;
				GCC_WARN_ABOUT_RETURN_TYPE = YES;
				GCC_WARN_UNINITIALIZED_AUTOS = YES;
				GCC_WARN_UNUSED_VARIABLE = YES;
				IPHONEOS_DEPLOYMENT_TARGET = 6.1;
				OTHER_CFLAGS = "-DNS_BLOCK_ASSERTIONS=1";
				SDKROOT = iphoneos;
				TARGETED_DEVICE_FAMILY = "1,2";
				VALIDATE_PRODUCT = YES;
			};
			name = Release;
		};
		22834A641737B5A50043F7DF /* Debug */ = {
			isa = XCBuildConfiguration;
			buildSettings = {
				GCC_PRECOMPILE_PREFIX_HEADER = YES;
				GCC_PREFIX_HEADER = "Example/TOModalWebViewControllerExample-Prefix.pch";
				INFOPLIST_FILE = "$(SRCROOT)/Example/TOModalWebViewControllerExample-Info.plist";
				IPHONEOS_DEPLOYMENT_TARGET = 5.0;
				PRODUCT_NAME = "$(TARGET_NAME)";
				WRAPPER_EXTENSION = app;
			};
			name = Debug;
		};
		22834A651737B5A50043F7DF /* Release */ = {
			isa = XCBuildConfiguration;
			buildSettings = {
				GCC_PRECOMPILE_PREFIX_HEADER = YES;
				GCC_PREFIX_HEADER = "Example/TOModalWebViewControllerExample-Prefix.pch";
				INFOPLIST_FILE = "$(SRCROOT)/Example/TOModalWebViewControllerExample-Info.plist";
				IPHONEOS_DEPLOYMENT_TARGET = 5.0;
				PRODUCT_NAME = "$(TARGET_NAME)";
				WRAPPER_EXTENSION = app;
			};
			name = Release;
		};
/* End XCBuildConfiguration section */

/* Begin XCConfigurationList section */
		22834A381737B5A50043F7DF /* Build configuration list for PBXProject "TOModalWebViewControllerExample" */ = {
			isa = XCConfigurationList;
			buildConfigurations = (
				22834A611737B5A50043F7DF /* Debug */,
				22834A621737B5A50043F7DF /* Release */,
			);
			defaultConfigurationIsVisible = 0;
			defaultConfigurationName = Release;
		};
		22834A631737B5A50043F7DF /* Build configuration list for PBXNativeTarget "TOModalWebViewControllerExample" */ = {
			isa = XCConfigurationList;
			buildConfigurations = (
				22834A641737B5A50043F7DF /* Debug */,
				22834A651737B5A50043F7DF /* Release */,
			);
			defaultConfigurationIsVisible = 0;
			defaultConfigurationName = Release;
		};
/* End XCConfigurationList section */
	};
	rootObject = 22834A351737B5A50043F7DF /* Project object */;
}
